// !$*UTF8*$!
{
	archiveVersion = 1;
	classes = {
	};
	objectVersion = 46;
	objects = {

/* Begin PBXBuildFile section */
		06D9F8771A70465700C00B67 /* CMHTMLUnderlineTransformer.h in Headers */ = {isa = PBXBuildFile; fileRef = 06D9F8751A70465700C00B67 /* CMHTMLUnderlineTransformer.h */; settings = {ATTRIBUTES = (Public, ); }; };
		06D9F8781A70465700C00B67 /* CMHTMLUnderlineTransformer.h in Headers */ = {isa = PBXBuildFile; fileRef = 06D9F8751A70465700C00B67 /* CMHTMLUnderlineTransformer.h */; settings = {ATTRIBUTES = (Public, ); }; };
		06D9F8791A70465700C00B67 /* CMHTMLUnderlineTransformer.m in Sources */ = {isa = PBXBuildFile; fileRef = 06D9F8761A70465700C00B67 /* CMHTMLUnderlineTransformer.m */; };
		06D9F87A1A70465700C00B67 /* CMHTMLUnderlineTransformer.m in Sources */ = {isa = PBXBuildFile; fileRef = 06D9F8761A70465700C00B67 /* CMHTMLUnderlineTransformer.m */; };
		114C4DA90D67EB5397CE92DC /* Pods_CocoaMarkdownTests_Mac.framework in Frameworks */ = {isa = PBXBuildFile; fileRef = E1F939D9AC7C0F64F0528968 /* Pods_CocoaMarkdownTests_Mac.framework */; };
		720DA5811A68A00900DD05AF /* CocoaMarkdown.framework in Frameworks */ = {isa = PBXBuildFile; fileRef = 729F53FB1A68649200CC7448 /* CocoaMarkdown.framework */; };
		720DA5821A68A01600DD05AF /* CocoaMarkdown.framework in Copy Frameworks */ = {isa = PBXBuildFile; fileRef = 729F53FB1A68649200CC7448 /* CocoaMarkdown.framework */; settings = {ATTRIBUTES = (CodeSignOnCopy, RemoveHeadersOnCopy, ); }; };
		722694BC1A687B4100E1D3DC /* test.md in Resources */ = {isa = PBXBuildFile; fileRef = 72FE7F171A686AC300F23F46 /* test.md */; };
		722E33E01A68E7E4004DE919 /* CMAttributeRun.h in Headers */ = {isa = PBXBuildFile; fileRef = 722E33DE1A68E7E4004DE919 /* CMAttributeRun.h */; };
		722E33E11A68E7E4004DE919 /* CMAttributeRun.h in Headers */ = {isa = PBXBuildFile; fileRef = 722E33DE1A68E7E4004DE919 /* CMAttributeRun.h */; };
		722E33E21A68E7E4004DE919 /* CMAttributeRun.m in Sources */ = {isa = PBXBuildFile; fileRef = 722E33DF1A68E7E4004DE919 /* CMAttributeRun.m */; };
		722E33E31A68E7E4004DE919 /* CMAttributeRun.m in Sources */ = {isa = PBXBuildFile; fileRef = 722E33DF1A68E7E4004DE919 /* CMAttributeRun.m */; };
		722E33E61A68E86B004DE919 /* CMTextAttributes.h in Headers */ = {isa = PBXBuildFile; fileRef = 722E33E41A68E86B004DE919 /* CMTextAttributes.h */; settings = {ATTRIBUTES = (Public, ); }; };
		722E33E71A68E86B004DE919 /* CMTextAttributes.h in Headers */ = {isa = PBXBuildFile; fileRef = 722E33E41A68E86B004DE919 /* CMTextAttributes.h */; settings = {ATTRIBUTES = (Public, ); }; };
		722E33E81A68E86B004DE919 /* CMTextAttributes.m in Sources */ = {isa = PBXBuildFile; fileRef = 722E33E51A68E86B004DE919 /* CMTextAttributes.m */; };
		722E33E91A68E86B004DE919 /* CMTextAttributes.m in Sources */ = {isa = PBXBuildFile; fileRef = 722E33E51A68E86B004DE919 /* CMTextAttributes.m */; };
		722E33EC1A68EADA004DE919 /* CMCascadingAttributeStack.h in Headers */ = {isa = PBXBuildFile; fileRef = 722E33EA1A68EADA004DE919 /* CMCascadingAttributeStack.h */; };
		722E33ED1A68EADA004DE919 /* CMCascadingAttributeStack.h in Headers */ = {isa = PBXBuildFile; fileRef = 722E33EA1A68EADA004DE919 /* CMCascadingAttributeStack.h */; };
		722E33EE1A68EADA004DE919 /* CMCascadingAttributeStack.m in Sources */ = {isa = PBXBuildFile; fileRef = 722E33EB1A68EADA004DE919 /* CMCascadingAttributeStack.m */; };
		722E33EF1A68EADA004DE919 /* CMCascadingAttributeStack.m in Sources */ = {isa = PBXBuildFile; fileRef = 722E33EB1A68EADA004DE919 /* CMCascadingAttributeStack.m */; };
		725115E01A6970A300337419 /* CMStack.h in Headers */ = {isa = PBXBuildFile; fileRef = 725115DE1A6970A300337419 /* CMStack.h */; };
		725115E11A6970A300337419 /* CMStack.h in Headers */ = {isa = PBXBuildFile; fileRef = 725115DE1A6970A300337419 /* CMStack.h */; };
		725115E21A6970A300337419 /* CMStack.m in Sources */ = {isa = PBXBuildFile; fileRef = 725115DF1A6970A300337419 /* CMStack.m */; };
		725115E31A6970A300337419 /* CMStack.m in Sources */ = {isa = PBXBuildFile; fileRef = 725115DF1A6970A300337419 /* CMStack.m */; };
		725115F51A6972AE00337419 /* CMHTMLElementTransformer.h in Headers */ = {isa = PBXBuildFile; fileRef = 725115F41A6972AE00337419 /* CMHTMLElementTransformer.h */; settings = {ATTRIBUTES = (Public, ); }; };
		725115F61A6972AE00337419 /* CMHTMLElementTransformer.h in Headers */ = {isa = PBXBuildFile; fileRef = 725115F41A6972AE00337419 /* CMHTMLElementTransformer.h */; settings = {ATTRIBUTES = (Public, ); }; };
		725116031A6973A700337419 /* libxml2.dylib in Frameworks */ = {isa = PBXBuildFile; fileRef = 725116021A6973A700337419 /* libxml2.dylib */; };
		725116051A6973AC00337419 /* libxml2.dylib in Frameworks */ = {isa = PBXBuildFile; fileRef = 725116041A6973AC00337419 /* libxml2.dylib */; };
		725116091A69760A00337419 /* CMHTMLElement.h in Headers */ = {isa = PBXBuildFile; fileRef = 725116071A69760A00337419 /* CMHTMLElement.h */; };
		7251160A1A69760A00337419 /* CMHTMLElement.h in Headers */ = {isa = PBXBuildFile; fileRef = 725116071A69760A00337419 /* CMHTMLElement.h */; };
		7251160B1A69760A00337419 /* CMHTMLElement.m in Sources */ = {isa = PBXBuildFile; fileRef = 725116081A69760A00337419 /* CMHTMLElement.m */; };
		7251160C1A69760A00337419 /* CMHTMLElement.m in Sources */ = {isa = PBXBuildFile; fileRef = 725116081A69760A00337419 /* CMHTMLElement.m */; };
		72736B671A7B467E0046B957 /* CocoaMarkdown.h in Headers */ = {isa = PBXBuildFile; fileRef = 729F53DF1A68641400CC7448 /* CocoaMarkdown.h */; settings = {ATTRIBUTES = (Public, ); }; };
		72772BD61A699ACB0059936C /* CMHTMLUtilities.h in Headers */ = {isa = PBXBuildFile; fileRef = 72772BD41A699ACA0059936C /* CMHTMLUtilities.h */; };
		72772BD71A699ACB0059936C /* CMHTMLUtilities.h in Headers */ = {isa = PBXBuildFile; fileRef = 72772BD41A699ACA0059936C /* CMHTMLUtilities.h */; };
		72772BD81A699ACB0059936C /* CMHTMLUtilities.m in Sources */ = {isa = PBXBuildFile; fileRef = 72772BD51A699ACA0059936C /* CMHTMLUtilities.m */; };
		72772BD91A699ACB0059936C /* CMHTMLUtilities.m in Sources */ = {isa = PBXBuildFile; fileRef = 72772BD51A699ACA0059936C /* CMHTMLUtilities.m */; };
		72772BE61A69ABB20059936C /* CMHTMLStrikethroughTransformer.h in Headers */ = {isa = PBXBuildFile; fileRef = 72772BE41A69ABB20059936C /* CMHTMLStrikethroughTransformer.h */; settings = {ATTRIBUTES = (Public, ); }; };
		72772BE71A69ABB20059936C /* CMHTMLStrikethroughTransformer.h in Headers */ = {isa = PBXBuildFile; fileRef = 72772BE41A69ABB20059936C /* CMHTMLStrikethroughTransformer.h */; settings = {ATTRIBUTES = (Public, ); }; };
		72772BE81A69ABB20059936C /* CMHTMLStrikethroughTransformer.m in Sources */ = {isa = PBXBuildFile; fileRef = 72772BE51A69ABB20059936C /* CMHTMLStrikethroughTransformer.m */; };
		72772BE91A69ABB20059936C /* CMHTMLStrikethroughTransformer.m in Sources */ = {isa = PBXBuildFile; fileRef = 72772BE51A69ABB20059936C /* CMHTMLStrikethroughTransformer.m */; };
		72772BEC1A6A22720059936C /* CMHTMLSuperscriptTransformer.h in Headers */ = {isa = PBXBuildFile; fileRef = 72772BEA1A6A22720059936C /* CMHTMLSuperscriptTransformer.h */; settings = {ATTRIBUTES = (Public, ); }; };
		72772BED1A6A22720059936C /* CMHTMLSuperscriptTransformer.h in Headers */ = {isa = PBXBuildFile; fileRef = 72772BEA1A6A22720059936C /* CMHTMLSuperscriptTransformer.h */; settings = {ATTRIBUTES = (Public, ); }; };
		72772BEE1A6A22720059936C /* CMHTMLSuperscriptTransformer.m in Sources */ = {isa = PBXBuildFile; fileRef = 72772BEB1A6A22720059936C /* CMHTMLSuperscriptTransformer.m */; };
		72772BEF1A6A22720059936C /* CMHTMLSuperscriptTransformer.m in Sources */ = {isa = PBXBuildFile; fileRef = 72772BEB1A6A22720059936C /* CMHTMLSuperscriptTransformer.m */; };
		72772BF21A6A28A70059936C /* CMHTMLScriptTransformer.h in Headers */ = {isa = PBXBuildFile; fileRef = 72772BF01A6A28A70059936C /* CMHTMLScriptTransformer.h */; settings = {ATTRIBUTES = (Public, ); }; };
		72772BF31A6A28A70059936C /* CMHTMLScriptTransformer.h in Headers */ = {isa = PBXBuildFile; fileRef = 72772BF01A6A28A70059936C /* CMHTMLScriptTransformer.h */; settings = {ATTRIBUTES = (Public, ); }; };
		72772BF41A6A28A70059936C /* CMHTMLScriptTransformer.m in Sources */ = {isa = PBXBuildFile; fileRef = 72772BF11A6A28A70059936C /* CMHTMLScriptTransformer.m */; };
		72772BF51A6A28A70059936C /* CMHTMLScriptTransformer.m in Sources */ = {isa = PBXBuildFile; fileRef = 72772BF11A6A28A70059936C /* CMHTMLScriptTransformer.m */; };
		72772BF71A6A29810059936C /* CMHTMLScriptTransformer_Private.h in Headers */ = {isa = PBXBuildFile; fileRef = 72772BF61A6A29810059936C /* CMHTMLScriptTransformer_Private.h */; };
		72772BF81A6A29810059936C /* CMHTMLScriptTransformer_Private.h in Headers */ = {isa = PBXBuildFile; fileRef = 72772BF61A6A29810059936C /* CMHTMLScriptTransformer_Private.h */; };
		72772BFB1A6A2B5C0059936C /* CMHTMLSubscriptTransformer.h in Headers */ = {isa = PBXBuildFile; fileRef = 72772BF91A6A2B5C0059936C /* CMHTMLSubscriptTransformer.h */; settings = {ATTRIBUTES = (Public, ); }; };
		72772BFC1A6A2B5C0059936C /* CMHTMLSubscriptTransformer.h in Headers */ = {isa = PBXBuildFile; fileRef = 72772BF91A6A2B5C0059936C /* CMHTMLSubscriptTransformer.h */; settings = {ATTRIBUTES = (Public, ); }; };
		72772BFD1A6A2B5C0059936C /* CMHTMLSubscriptTransformer.m in Sources */ = {isa = PBXBuildFile; fileRef = 72772BFA1A6A2B5C0059936C /* CMHTMLSubscriptTransformer.m */; };
		72772BFE1A6A2B5C0059936C /* CMHTMLSubscriptTransformer.m in Sources */ = {isa = PBXBuildFile; fileRef = 72772BFA1A6A2B5C0059936C /* CMHTMLSubscriptTransformer.m */; };
		728FA12F1AEED87900C7A368 /* CMDocument_Private.h in Headers */ = {isa = PBXBuildFile; fileRef = 728FA12E1AEED87900C7A368 /* CMDocument_Private.h */; };
		728FA1301AEED87900C7A368 /* CMDocument_Private.h in Headers */ = {isa = PBXBuildFile; fileRef = 728FA12E1AEED87900C7A368 /* CMDocument_Private.h */; };
		729F53E01A68641400CC7448 /* CocoaMarkdown.h in Headers */ = {isa = PBXBuildFile; fileRef = 729F53DF1A68641400CC7448 /* CocoaMarkdown.h */; settings = {ATTRIBUTES = (Public, ); }; };
		729F53E61A68641400CC7448 /* CocoaMarkdown.framework in Frameworks */ = {isa = PBXBuildFile; fileRef = 729F53DA1A68641400CC7448 /* CocoaMarkdown.framework */; };
		729F54061A68649200CC7448 /* CocoaMarkdown.framework in Frameworks */ = {isa = PBXBuildFile; fileRef = 729F53FB1A68649200CC7448 /* CocoaMarkdown.framework */; };
		729F54221A6864F400CC7448 /* CMAttributedStringRenderer.h in Headers */ = {isa = PBXBuildFile; fileRef = 729F54141A6864F400CC7448 /* CMAttributedStringRenderer.h */; settings = {ATTRIBUTES = (Public, ); }; };
		729F54231A6864F400CC7448 /* CMAttributedStringRenderer.h in Headers */ = {isa = PBXBuildFile; fileRef = 729F54141A6864F400CC7448 /* CMAttributedStringRenderer.h */; settings = {ATTRIBUTES = (Public, ); }; };
		729F54241A6864F400CC7448 /* CMAttributedStringRenderer.m in Sources */ = {isa = PBXBuildFile; fileRef = 729F54151A6864F400CC7448 /* CMAttributedStringRenderer.m */; };
		729F54251A6864F400CC7448 /* CMAttributedStringRenderer.m in Sources */ = {isa = PBXBuildFile; fileRef = 729F54151A6864F400CC7448 /* CMAttributedStringRenderer.m */; };
		729F54261A6864F400CC7448 /* CMDocument.h in Headers */ = {isa = PBXBuildFile; fileRef = 729F54161A6864F400CC7448 /* CMDocument.h */; settings = {ATTRIBUTES = (Public, ); }; };
		729F54271A6864F400CC7448 /* CMDocument.h in Headers */ = {isa = PBXBuildFile; fileRef = 729F54161A6864F400CC7448 /* CMDocument.h */; settings = {ATTRIBUTES = (Public, ); }; };
		729F54281A6864F400CC7448 /* CMDocument.m in Sources */ = {isa = PBXBuildFile; fileRef = 729F54171A6864F400CC7448 /* CMDocument.m */; };
		729F54291A6864F400CC7448 /* CMDocument.m in Sources */ = {isa = PBXBuildFile; fileRef = 729F54171A6864F400CC7448 /* CMDocument.m */; };
		729F542A1A6864F400CC7448 /* CMIterator.h in Headers */ = {isa = PBXBuildFile; fileRef = 729F54181A6864F400CC7448 /* CMIterator.h */; settings = {ATTRIBUTES = (Public, ); }; };
		729F542B1A6864F400CC7448 /* CMIterator.h in Headers */ = {isa = PBXBuildFile; fileRef = 729F54181A6864F400CC7448 /* CMIterator.h */; settings = {ATTRIBUTES = (Public, ); }; };
		729F542C1A6864F400CC7448 /* CMIterator.m in Sources */ = {isa = PBXBuildFile; fileRef = 729F54191A6864F400CC7448 /* CMIterator.m */; };
		729F542D1A6864F400CC7448 /* CMIterator.m in Sources */ = {isa = PBXBuildFile; fileRef = 729F54191A6864F400CC7448 /* CMIterator.m */; };
		729F542E1A6864F400CC7448 /* CMNode_Private.h in Headers */ = {isa = PBXBuildFile; fileRef = 729F541A1A6864F400CC7448 /* CMNode_Private.h */; };
		729F542F1A6864F400CC7448 /* CMNode_Private.h in Headers */ = {isa = PBXBuildFile; fileRef = 729F541A1A6864F400CC7448 /* CMNode_Private.h */; };
		729F54301A6864F400CC7448 /* CMNode.h in Headers */ = {isa = PBXBuildFile; fileRef = 729F541B1A6864F400CC7448 /* CMNode.h */; settings = {ATTRIBUTES = (Public, ); }; };
		729F54311A6864F400CC7448 /* CMNode.h in Headers */ = {isa = PBXBuildFile; fileRef = 729F541B1A6864F400CC7448 /* CMNode.h */; settings = {ATTRIBUTES = (Public, ); }; };
		729F54321A6864F400CC7448 /* CMNode.m in Sources */ = {isa = PBXBuildFile; fileRef = 729F541C1A6864F400CC7448 /* CMNode.m */; };
		729F54331A6864F400CC7448 /* CMNode.m in Sources */ = {isa = PBXBuildFile; fileRef = 729F541C1A6864F400CC7448 /* CMNode.m */; };
		729F54341A6864F400CC7448 /* CMParser.h in Headers */ = {isa = PBXBuildFile; fileRef = 729F541D1A6864F400CC7448 /* CMParser.h */; settings = {ATTRIBUTES = (Public, ); }; };
		729F54351A6864F400CC7448 /* CMParser.h in Headers */ = {isa = PBXBuildFile; fileRef = 729F541D1A6864F400CC7448 /* CMParser.h */; settings = {ATTRIBUTES = (Public, ); }; };
		729F54361A6864F400CC7448 /* CMParser.m in Sources */ = {isa = PBXBuildFile; fileRef = 729F541E1A6864F400CC7448 /* CMParser.m */; };
		729F54371A6864F400CC7448 /* CMParser.m in Sources */ = {isa = PBXBuildFile; fileRef = 729F541E1A6864F400CC7448 /* CMParser.m */; };
		729F54381A6864F400CC7448 /* CMPlatformDefines.h in Headers */ = {isa = PBXBuildFile; fileRef = 729F541F1A6864F400CC7448 /* CMPlatformDefines.h */; settings = {ATTRIBUTES = (Public, ); }; };
		729F54391A6864F400CC7448 /* CMPlatformDefines.h in Headers */ = {isa = PBXBuildFile; fileRef = 729F541F1A6864F400CC7448 /* CMPlatformDefines.h */; settings = {ATTRIBUTES = (Public, ); }; };
		729F54B21A6866C200CC7448 /* DummySpec.swift in Sources */ = {isa = PBXBuildFile; fileRef = 729F54B11A6866C200CC7448 /* DummySpec.swift */; };
		729F54B31A6866C200CC7448 /* DummySpec.swift in Sources */ = {isa = PBXBuildFile; fileRef = 729F54B11A6866C200CC7448 /* DummySpec.swift */; };
		729F54BD1A68673800CC7448 /* CMDocumentSpec.m in Sources */ = {isa = PBXBuildFile; fileRef = 729F54B71A68673800CC7448 /* CMDocumentSpec.m */; };
		729F54BE1A68673800CC7448 /* CMDocumentSpec.m in Sources */ = {isa = PBXBuildFile; fileRef = 729F54B71A68673800CC7448 /* CMDocumentSpec.m */; };
		729F54BF1A68673800CC7448 /* CMIteratorSpec.m in Sources */ = {isa = PBXBuildFile; fileRef = 729F54B81A68673800CC7448 /* CMIteratorSpec.m */; };
		729F54C01A68673800CC7448 /* CMIteratorSpec.m in Sources */ = {isa = PBXBuildFile; fileRef = 729F54B81A68673800CC7448 /* CMIteratorSpec.m */; };
		729F54C11A68673800CC7448 /* CMNodeSpec.m in Sources */ = {isa = PBXBuildFile; fileRef = 729F54B91A68673800CC7448 /* CMNodeSpec.m */; };
		729F54C21A68673800CC7448 /* CMNodeSpec.m in Sources */ = {isa = PBXBuildFile; fileRef = 729F54B91A68673800CC7448 /* CMNodeSpec.m */; };
		729F54C31A68673800CC7448 /* CMParserSpec.m in Sources */ = {isa = PBXBuildFile; fileRef = 729F54BA1A68673800CC7448 /* CMParserSpec.m */; };
		729F54C41A68673800CC7448 /* CMParserSpec.m in Sources */ = {isa = PBXBuildFile; fileRef = 729F54BA1A68673800CC7448 /* CMParserSpec.m */; };
		729F54C51A68673800CC7448 /* CMParserTestObject.m in Sources */ = {isa = PBXBuildFile; fileRef = 729F54BC1A68673800CC7448 /* CMParserTestObject.m */; };
		729F54C61A68673800CC7448 /* CMParserTestObject.m in Sources */ = {isa = PBXBuildFile; fileRef = 729F54BC1A68673800CC7448 /* CMParserTestObject.m */; };
		72C17A811A6EB75800212F17 /* CMDocument+AttributedStringAdditions.h in Headers */ = {isa = PBXBuildFile; fileRef = 72C17A7F1A6EB75800212F17 /* CMDocument+AttributedStringAdditions.h */; settings = {ATTRIBUTES = (Public, ); }; };
		72C17A821A6EB75800212F17 /* CMDocument+AttributedStringAdditions.h in Headers */ = {isa = PBXBuildFile; fileRef = 72C17A7F1A6EB75800212F17 /* CMDocument+AttributedStringAdditions.h */; settings = {ATTRIBUTES = (Public, ); }; };
		72C17A831A6EB75800212F17 /* CMDocument+AttributedStringAdditions.m in Sources */ = {isa = PBXBuildFile; fileRef = 72C17A801A6EB75800212F17 /* CMDocument+AttributedStringAdditions.m */; };
		72C17A841A6EB75800212F17 /* CMDocument+AttributedStringAdditions.m in Sources */ = {isa = PBXBuildFile; fileRef = 72C17A801A6EB75800212F17 /* CMDocument+AttributedStringAdditions.m */; };
		72C17A931A6EBA3300212F17 /* CMHTMLRenderer.h in Headers */ = {isa = PBXBuildFile; fileRef = 72C17A911A6EBA3300212F17 /* CMHTMLRenderer.h */; settings = {ATTRIBUTES = (Public, ); }; };
		72C17A941A6EBA3300212F17 /* CMHTMLRenderer.h in Headers */ = {isa = PBXBuildFile; fileRef = 72C17A911A6EBA3300212F17 /* CMHTMLRenderer.h */; settings = {ATTRIBUTES = (Public, ); }; };
		72C17A951A6EBA3300212F17 /* CMHTMLRenderer.m in Sources */ = {isa = PBXBuildFile; fileRef = 72C17A921A6EBA3300212F17 /* CMHTMLRenderer.m */; };
		72C17A961A6EBA3300212F17 /* CMHTMLRenderer.m in Sources */ = {isa = PBXBuildFile; fileRef = 72C17A921A6EBA3300212F17 /* CMHTMLRenderer.m */; };
		72C17A991A6EBD7800212F17 /* CMDocument+HTMLAdditions.h in Headers */ = {isa = PBXBuildFile; fileRef = 72C17A971A6EBD7800212F17 /* CMDocument+HTMLAdditions.h */; settings = {ATTRIBUTES = (Public, ); }; };
		72C17A9A1A6EBD7800212F17 /* CMDocument+HTMLAdditions.h in Headers */ = {isa = PBXBuildFile; fileRef = 72C17A971A6EBD7800212F17 /* CMDocument+HTMLAdditions.h */; settings = {ATTRIBUTES = (Public, ); }; };
		72C17A9B1A6EBD7800212F17 /* CMDocument+HTMLAdditions.m in Sources */ = {isa = PBXBuildFile; fileRef = 72C17A981A6EBD7800212F17 /* CMDocument+HTMLAdditions.m */; };
		72C17A9C1A6EBD7800212F17 /* CMDocument+HTMLAdditions.m in Sources */ = {isa = PBXBuildFile; fileRef = 72C17A981A6EBD7800212F17 /* CMDocument+HTMLAdditions.m */; };
		72C17A9E1A6EBE5600212F17 /* CMHTMLRendererSpec.m in Sources */ = {isa = PBXBuildFile; fileRef = 72C17A9D1A6EBE5600212F17 /* CMHTMLRendererSpec.m */; };
		72C17A9F1A6EBE5600212F17 /* CMHTMLRendererSpec.m in Sources */ = {isa = PBXBuildFile; fileRef = 72C17A9D1A6EBE5600212F17 /* CMHTMLRendererSpec.m */; };
		72FE7E9B1A68684000F23F46 /* test.md in Resources */ = {isa = PBXBuildFile; fileRef = 72FE7E981A68683300F23F46 /* test.md */; };
		72FE7E9C1A68684700F23F46 /* test.md in Resources */ = {isa = PBXBuildFile; fileRef = 72FE7E981A68683300F23F46 /* test.md */; };
		72FE7ECE1A68692400F23F46 /* AppDelegate.swift in Sources */ = {isa = PBXBuildFile; fileRef = 72FE7ECD1A68692400F23F46 /* AppDelegate.swift */; };
		72FE7ED01A68692400F23F46 /* ViewController.swift in Sources */ = {isa = PBXBuildFile; fileRef = 72FE7ECF1A68692400F23F46 /* ViewController.swift */; };
		72FE7ED31A68692400F23F46 /* Main.storyboard in Resources */ = {isa = PBXBuildFile; fileRef = 72FE7ED11A68692400F23F46 /* Main.storyboard */; };
		72FE7ED51A68692400F23F46 /* Images.xcassets in Resources */ = {isa = PBXBuildFile; fileRef = 72FE7ED41A68692400F23F46 /* Images.xcassets */; };
		72FE7ED81A68692400F23F46 /* LaunchScreen.xib in Resources */ = {isa = PBXBuildFile; fileRef = 72FE7ED61A68692400F23F46 /* LaunchScreen.xib */; };
		72FE7EED1A68693900F23F46 /* CocoaMarkdown.framework in Frameworks */ = {isa = PBXBuildFile; fileRef = 729F53DA1A68641400CC7448 /* CocoaMarkdown.framework */; };
		72FE7EEF1A68694900F23F46 /* CocoaMarkdown.framework in Copy Frameworks */ = {isa = PBXBuildFile; fileRef = 729F53DA1A68641400CC7448 /* CocoaMarkdown.framework */; settings = {ATTRIBUTES = (CodeSignOnCopy, RemoveHeadersOnCopy, ); }; };
		72FE7EF91A68695100F23F46 /* AppDelegate.swift in Sources */ = {isa = PBXBuildFile; fileRef = 72FE7EF81A68695100F23F46 /* AppDelegate.swift */; };
		72FE7EFB1A68695100F23F46 /* Images.xcassets in Resources */ = {isa = PBXBuildFile; fileRef = 72FE7EFA1A68695100F23F46 /* Images.xcassets */; };
		72FE7EFE1A68695100F23F46 /* MainMenu.xib in Resources */ = {isa = PBXBuildFile; fileRef = 72FE7EFC1A68695100F23F46 /* MainMenu.xib */; };
		72FE7F191A686ACD00F23F46 /* test.md in Resources */ = {isa = PBXBuildFile; fileRef = 72FE7F171A686AC300F23F46 /* test.md */; };
		9855C48B3699D026448A85ED /* Pods_CocoaMarkdownTests_iOS.framework in Frameworks */ = {isa = PBXBuildFile; fileRef = 31F88399945A02E7C1817680 /* Pods_CocoaMarkdownTests_iOS.framework */; };
		A127D46B91C15678FCA1EA4C /* Pods_CocoaMarkdown_iOS.framework in Frameworks */ = {isa = PBXBuildFile; fileRef = 9BC3AB4E22B4CEA3199040DC /* Pods_CocoaMarkdown_iOS.framework */; };
		FE0B086DD687EA4684E64A09 /* Pods_CocoaMarkdown_Mac.framework in Frameworks */ = {isa = PBXBuildFile; fileRef = 52CA835A27B3D095C033C99B /* Pods_CocoaMarkdown_Mac.framework */; };
/* End PBXBuildFile section */

/* Begin PBXContainerItemProxy section */
		720DA57F1A68A00300DD05AF /* PBXContainerItemProxy */ = {
			isa = PBXContainerItemProxy;
			containerPortal = 729F53D11A68641300CC7448 /* Project object */;
			proxyType = 1;
			remoteGlobalIDString = 729F53FA1A68649200CC7448;
			remoteInfo = "CocoaMarkdown-Mac";
		};
		729F53E71A68641400CC7448 /* PBXContainerItemProxy */ = {
			isa = PBXContainerItemProxy;
			containerPortal = 729F53D11A68641300CC7448 /* Project object */;
			proxyType = 1;
			remoteGlobalIDString = 729F53D91A68641400CC7448;
			remoteInfo = CocoaMarkdown;
		};
		729F54071A68649200CC7448 /* PBXContainerItemProxy */ = {
			isa = PBXContainerItemProxy;
			containerPortal = 729F53D11A68641300CC7448 /* Project object */;
			proxyType = 1;
			remoteGlobalIDString = 729F53FA1A68649200CC7448;
			remoteInfo = CocoaMarkdown;
		};
		72FE7EEB1A68693200F23F46 /* PBXContainerItemProxy */ = {
			isa = PBXContainerItemProxy;
			containerPortal = 729F53D11A68641300CC7448 /* Project object */;
			proxyType = 1;
			remoteGlobalIDString = 729F53D91A68641400CC7448;
			remoteInfo = "CocoaMarkdown-iOS";
		};
/* End PBXContainerItemProxy section */

/* Begin PBXCopyFilesBuildPhase section */
		72FE7EEE1A68693E00F23F46 /* Copy Frameworks */ = {
			isa = PBXCopyFilesBuildPhase;
			buildActionMask = 2147483647;
			dstPath = "";
			dstSubfolderSpec = 10;
			files = (
				72FE7EEF1A68694900F23F46 /* CocoaMarkdown.framework in Copy Frameworks */,
			);
			name = "Copy Frameworks";
			runOnlyForDeploymentPostprocessing = 0;
		};
		72FE7F141A68697E00F23F46 /* Copy Frameworks */ = {
			isa = PBXCopyFilesBuildPhase;
			buildActionMask = 2147483647;
			dstPath = "";
			dstSubfolderSpec = 10;
			files = (
				720DA5821A68A01600DD05AF /* CocoaMarkdown.framework in Copy Frameworks */,
			);
			name = "Copy Frameworks";
			runOnlyForDeploymentPostprocessing = 0;
		};
/* End PBXCopyFilesBuildPhase section */

/* Begin PBXFileReference section */
		06D9F8751A70465700C00B67 /* CMHTMLUnderlineTransformer.h */ = {isa = PBXFileReference; fileEncoding = 4; lastKnownFileType = sourcecode.c.h; path = CMHTMLUnderlineTransformer.h; sourceTree = "<group>"; };
		06D9F8761A70465700C00B67 /* CMHTMLUnderlineTransformer.m */ = {isa = PBXFileReference; fileEncoding = 4; lastKnownFileType = sourcecode.c.objc; path = CMHTMLUnderlineTransformer.m; sourceTree = "<group>"; };
		0B849808A5B2FAF25F3D1749 /* Pods-CocoaMarkdownTests-Mac.release.xcconfig */ = {isa = PBXFileReference; includeInIndex = 1; lastKnownFileType = text.xcconfig; name = "Pods-CocoaMarkdownTests-Mac.release.xcconfig"; path = "Pods/Target Support Files/Pods-CocoaMarkdownTests-Mac/Pods-CocoaMarkdownTests-Mac.release.xcconfig"; sourceTree = "<group>"; };
		12AAB7BBEAE89A3E7B0A8C88 /* Pods-CocoaMarkdown-Mac.release.xcconfig */ = {isa = PBXFileReference; includeInIndex = 1; lastKnownFileType = text.xcconfig; name = "Pods-CocoaMarkdown-Mac.release.xcconfig"; path = "Pods/Target Support Files/Pods-CocoaMarkdown-Mac/Pods-CocoaMarkdown-Mac.release.xcconfig"; sourceTree = "<group>"; };
		31F88399945A02E7C1817680 /* Pods_CocoaMarkdownTests_iOS.framework */ = {isa = PBXFileReference; explicitFileType = wrapper.framework; includeInIndex = 0; path = Pods_CocoaMarkdownTests_iOS.framework; sourceTree = BUILT_PRODUCTS_DIR; };
		33C6F07527E8F01C5B9FE4A1 /* Pods-CocoaMarkdown-iOS.release.xcconfig */ = {isa = PBXFileReference; includeInIndex = 1; lastKnownFileType = text.xcconfig; name = "Pods-CocoaMarkdown-iOS.release.xcconfig"; path = "Pods/Target Support Files/Pods-CocoaMarkdown-iOS/Pods-CocoaMarkdown-iOS.release.xcconfig"; sourceTree = "<group>"; };
		4035C248A9AE9CFE073E16DF /* Pods-CocoaMarkdownTests-Mac.debug.xcconfig */ = {isa = PBXFileReference; includeInIndex = 1; lastKnownFileType = text.xcconfig; name = "Pods-CocoaMarkdownTests-Mac.debug.xcconfig"; path = "Pods/Target Support Files/Pods-CocoaMarkdownTests-Mac/Pods-CocoaMarkdownTests-Mac.debug.xcconfig"; sourceTree = "<group>"; };
		504CEAD80AA635F3D4F1059E /* Pods-CocoaMarkdown-iOS.debug.xcconfig */ = {isa = PBXFileReference; includeInIndex = 1; lastKnownFileType = text.xcconfig; name = "Pods-CocoaMarkdown-iOS.debug.xcconfig"; path = "Pods/Target Support Files/Pods-CocoaMarkdown-iOS/Pods-CocoaMarkdown-iOS.debug.xcconfig"; sourceTree = "<group>"; };
		52CA835A27B3D095C033C99B /* Pods_CocoaMarkdown_Mac.framework */ = {isa = PBXFileReference; explicitFileType = wrapper.framework; includeInIndex = 0; path = Pods_CocoaMarkdown_Mac.framework; sourceTree = BUILT_PRODUCTS_DIR; };
		702EDE2C02B4748CA50FE2DA /* Pods-CocoaMarkdownTests-iOS.release.xcconfig */ = {isa = PBXFileReference; includeInIndex = 1; lastKnownFileType = text.xcconfig; name = "Pods-CocoaMarkdownTests-iOS.release.xcconfig"; path = "Pods/Target Support Files/Pods-CocoaMarkdownTests-iOS/Pods-CocoaMarkdownTests-iOS.release.xcconfig"; sourceTree = "<group>"; };
		722E33DE1A68E7E4004DE919 /* CMAttributeRun.h */ = {isa = PBXFileReference; fileEncoding = 4; lastKnownFileType = sourcecode.c.h; path = CMAttributeRun.h; sourceTree = "<group>"; };
		722E33DF1A68E7E4004DE919 /* CMAttributeRun.m */ = {isa = PBXFileReference; fileEncoding = 4; lastKnownFileType = sourcecode.c.objc; path = CMAttributeRun.m; sourceTree = "<group>"; };
		722E33E41A68E86B004DE919 /* CMTextAttributes.h */ = {isa = PBXFileReference; fileEncoding = 4; lastKnownFileType = sourcecode.c.h; path = CMTextAttributes.h; sourceTree = "<group>"; };
		722E33E51A68E86B004DE919 /* CMTextAttributes.m */ = {isa = PBXFileReference; fileEncoding = 4; lastKnownFileType = sourcecode.c.objc; path = CMTextAttributes.m; sourceTree = "<group>"; };
		722E33EA1A68EADA004DE919 /* CMCascadingAttributeStack.h */ = {isa = PBXFileReference; fileEncoding = 4; lastKnownFileType = sourcecode.c.h; path = CMCascadingAttributeStack.h; sourceTree = "<group>"; };
		722E33EB1A68EADA004DE919 /* CMCascadingAttributeStack.m */ = {isa = PBXFileReference; fileEncoding = 4; lastKnownFileType = sourcecode.c.objc; path = CMCascadingAttributeStack.m; sourceTree = "<group>"; };
		725115DE1A6970A300337419 /* CMStack.h */ = {isa = PBXFileReference; fileEncoding = 4; lastKnownFileType = sourcecode.c.h; path = CMStack.h; sourceTree = "<group>"; };
		725115DF1A6970A300337419 /* CMStack.m */ = {isa = PBXFileReference; fileEncoding = 4; lastKnownFileType = sourcecode.c.objc; path = CMStack.m; sourceTree = "<group>"; };
		725115F41A6972AE00337419 /* CMHTMLElementTransformer.h */ = {isa = PBXFileReference; fileEncoding = 4; lastKnownFileType = sourcecode.c.h; path = CMHTMLElementTransformer.h; sourceTree = "<group>"; };
		725116021A6973A700337419 /* libxml2.dylib */ = {isa = PBXFileReference; lastKnownFileType = "compiled.mach-o.dylib"; name = libxml2.dylib; path = usr/lib/libxml2.dylib; sourceTree = SDKROOT; };
		725116041A6973AC00337419 /* libxml2.dylib */ = {isa = PBXFileReference; lastKnownFileType = "compiled.mach-o.dylib"; name = libxml2.dylib; path = Platforms/MacOSX.platform/Developer/SDKs/MacOSX10.10.sdk/usr/lib/libxml2.dylib; sourceTree = DEVELOPER_DIR; };
		725116071A69760A00337419 /* CMHTMLElement.h */ = {isa = PBXFileReference; fileEncoding = 4; lastKnownFileType = sourcecode.c.h; path = CMHTMLElement.h; sourceTree = "<group>"; };
		725116081A69760A00337419 /* CMHTMLElement.m */ = {isa = PBXFileReference; fileEncoding = 4; lastKnownFileType = sourcecode.c.objc; path = CMHTMLElement.m; sourceTree = "<group>"; };
		72772BD41A699ACA0059936C /* CMHTMLUtilities.h */ = {isa = PBXFileReference; fileEncoding = 4; lastKnownFileType = sourcecode.c.h; path = CMHTMLUtilities.h; sourceTree = "<group>"; };
		72772BD51A699ACA0059936C /* CMHTMLUtilities.m */ = {isa = PBXFileReference; fileEncoding = 4; lastKnownFileType = sourcecode.c.objc; path = CMHTMLUtilities.m; sourceTree = "<group>"; };
		72772BE41A69ABB20059936C /* CMHTMLStrikethroughTransformer.h */ = {isa = PBXFileReference; fileEncoding = 4; lastKnownFileType = sourcecode.c.h; path = CMHTMLStrikethroughTransformer.h; sourceTree = "<group>"; };
		72772BE51A69ABB20059936C /* CMHTMLStrikethroughTransformer.m */ = {isa = PBXFileReference; fileEncoding = 4; lastKnownFileType = sourcecode.c.objc; path = CMHTMLStrikethroughTransformer.m; sourceTree = "<group>"; };
		72772BEA1A6A22720059936C /* CMHTMLSuperscriptTransformer.h */ = {isa = PBXFileReference; fileEncoding = 4; lastKnownFileType = sourcecode.c.h; path = CMHTMLSuperscriptTransformer.h; sourceTree = "<group>"; };
		72772BEB1A6A22720059936C /* CMHTMLSuperscriptTransformer.m */ = {isa = PBXFileReference; fileEncoding = 4; lastKnownFileType = sourcecode.c.objc; path = CMHTMLSuperscriptTransformer.m; sourceTree = "<group>"; };
		72772BF01A6A28A70059936C /* CMHTMLScriptTransformer.h */ = {isa = PBXFileReference; fileEncoding = 4; lastKnownFileType = sourcecode.c.h; path = CMHTMLScriptTransformer.h; sourceTree = "<group>"; };
		72772BF11A6A28A70059936C /* CMHTMLScriptTransformer.m */ = {isa = PBXFileReference; fileEncoding = 4; lastKnownFileType = sourcecode.c.objc; path = CMHTMLScriptTransformer.m; sourceTree = "<group>"; };
		72772BF61A6A29810059936C /* CMHTMLScriptTransformer_Private.h */ = {isa = PBXFileReference; fileEncoding = 4; lastKnownFileType = sourcecode.c.h; path = CMHTMLScriptTransformer_Private.h; sourceTree = "<group>"; };
		72772BF91A6A2B5C0059936C /* CMHTMLSubscriptTransformer.h */ = {isa = PBXFileReference; fileEncoding = 4; lastKnownFileType = sourcecode.c.h; path = CMHTMLSubscriptTransformer.h; sourceTree = "<group>"; };
		72772BFA1A6A2B5C0059936C /* CMHTMLSubscriptTransformer.m */ = {isa = PBXFileReference; fileEncoding = 4; lastKnownFileType = sourcecode.c.objc; path = CMHTMLSubscriptTransformer.m; sourceTree = "<group>"; };
		728FA12E1AEED87900C7A368 /* CMDocument_Private.h */ = {isa = PBXFileReference; fileEncoding = 4; lastKnownFileType = sourcecode.c.h; path = CMDocument_Private.h; sourceTree = "<group>"; };
		729F53DA1A68641400CC7448 /* CocoaMarkdown.framework */ = {isa = PBXFileReference; explicitFileType = wrapper.framework; includeInIndex = 0; path = CocoaMarkdown.framework; sourceTree = BUILT_PRODUCTS_DIR; };
		729F53DE1A68641400CC7448 /* Info.plist */ = {isa = PBXFileReference; lastKnownFileType = text.plist.xml; path = Info.plist; sourceTree = "<group>"; };
		729F53DF1A68641400CC7448 /* CocoaMarkdown.h */ = {isa = PBXFileReference; lastKnownFileType = sourcecode.c.h; path = CocoaMarkdown.h; sourceTree = "<group>"; };
		729F53E51A68641400CC7448 /* CocoaMarkdownTests-iOS.xctest */ = {isa = PBXFileReference; explicitFileType = wrapper.cfbundle; includeInIndex = 0; path = "CocoaMarkdownTests-iOS.xctest"; sourceTree = BUILT_PRODUCTS_DIR; };
		729F53EB1A68641400CC7448 /* Info.plist */ = {isa = PBXFileReference; lastKnownFileType = text.plist.xml; path = Info.plist; sourceTree = "<group>"; };
		729F53FB1A68649200CC7448 /* CocoaMarkdown.framework */ = {isa = PBXFileReference; explicitFileType = wrapper.framework; includeInIndex = 0; path = CocoaMarkdown.framework; sourceTree = BUILT_PRODUCTS_DIR; };
		729F54051A68649200CC7448 /* CocoaMarkdownTests-Mac.xctest */ = {isa = PBXFileReference; explicitFileType = wrapper.cfbundle; includeInIndex = 0; path = "CocoaMarkdownTests-Mac.xctest"; sourceTree = BUILT_PRODUCTS_DIR; };
		729F54141A6864F400CC7448 /* CMAttributedStringRenderer.h */ = {isa = PBXFileReference; fileEncoding = 4; lastKnownFileType = sourcecode.c.h; path = CMAttributedStringRenderer.h; sourceTree = "<group>"; };
		729F54151A6864F400CC7448 /* CMAttributedStringRenderer.m */ = {isa = PBXFileReference; fileEncoding = 4; lastKnownFileType = sourcecode.c.objc; path = CMAttributedStringRenderer.m; sourceTree = "<group>"; };
		729F54161A6864F400CC7448 /* CMDocument.h */ = {isa = PBXFileReference; fileEncoding = 4; lastKnownFileType = sourcecode.c.h; path = CMDocument.h; sourceTree = "<group>"; };
		729F54171A6864F400CC7448 /* CMDocument.m */ = {isa = PBXFileReference; fileEncoding = 4; lastKnownFileType = sourcecode.c.objc; path = CMDocument.m; sourceTree = "<group>"; };
		729F54181A6864F400CC7448 /* CMIterator.h */ = {isa = PBXFileReference; fileEncoding = 4; lastKnownFileType = sourcecode.c.h; path = CMIterator.h; sourceTree = "<group>"; };
		729F54191A6864F400CC7448 /* CMIterator.m */ = {isa = PBXFileReference; fileEncoding = 4; lastKnownFileType = sourcecode.c.objc; path = CMIterator.m; sourceTree = "<group>"; };
		729F541A1A6864F400CC7448 /* CMNode_Private.h */ = {isa = PBXFileReference; fileEncoding = 4; lastKnownFileType = sourcecode.c.h; path = CMNode_Private.h; sourceTree = "<group>"; };
		729F541B1A6864F400CC7448 /* CMNode.h */ = {isa = PBXFileReference; fileEncoding = 4; lastKnownFileType = sourcecode.c.h; path = CMNode.h; sourceTree = "<group>"; };
		729F541C1A6864F400CC7448 /* CMNode.m */ = {isa = PBXFileReference; fileEncoding = 4; lastKnownFileType = sourcecode.c.objc; path = CMNode.m; sourceTree = "<group>"; };
		729F541D1A6864F400CC7448 /* CMParser.h */ = {isa = PBXFileReference; fileEncoding = 4; lastKnownFileType = sourcecode.c.h; path = CMParser.h; sourceTree = "<group>"; };
		729F541E1A6864F400CC7448 /* CMParser.m */ = {isa = PBXFileReference; fileEncoding = 4; lastKnownFileType = sourcecode.c.objc; path = CMParser.m; sourceTree = "<group>"; };
		729F541F1A6864F400CC7448 /* CMPlatformDefines.h */ = {isa = PBXFileReference; fileEncoding = 4; lastKnownFileType = sourcecode.c.h; path = CMPlatformDefines.h; sourceTree = "<group>"; };
		729F54B11A6866C200CC7448 /* DummySpec.swift */ = {isa = PBXFileReference; fileEncoding = 4; lastKnownFileType = sourcecode.swift; path = DummySpec.swift; sourceTree = "<group>"; };
		729F54B41A6866E200CC7448 /* CocoaMarkdownTests-Bridging-Header.h */ = {isa = PBXFileReference; fileEncoding = 4; lastKnownFileType = sourcecode.c.h; path = "CocoaMarkdownTests-Bridging-Header.h"; sourceTree = "<group>"; };
		729F54B71A68673800CC7448 /* CMDocumentSpec.m */ = {isa = PBXFileReference; fileEncoding = 4; lastKnownFileType = sourcecode.c.objc; path = CMDocumentSpec.m; sourceTree = "<group>"; };
		729F54B81A68673800CC7448 /* CMIteratorSpec.m */ = {isa = PBXFileReference; fileEncoding = 4; lastKnownFileType = sourcecode.c.objc; path = CMIteratorSpec.m; sourceTree = "<group>"; };
		729F54B91A68673800CC7448 /* CMNodeSpec.m */ = {isa = PBXFileReference; fileEncoding = 4; lastKnownFileType = sourcecode.c.objc; path = CMNodeSpec.m; sourceTree = "<group>"; };
		729F54BA1A68673800CC7448 /* CMParserSpec.m */ = {isa = PBXFileReference; fileEncoding = 4; lastKnownFileType = sourcecode.c.objc; path = CMParserSpec.m; sourceTree = "<group>"; };
		729F54BB1A68673800CC7448 /* CMParserTestObject.h */ = {isa = PBXFileReference; fileEncoding = 4; lastKnownFileType = sourcecode.c.h; path = CMParserTestObject.h; sourceTree = "<group>"; };
		729F54BC1A68673800CC7448 /* CMParserTestObject.m */ = {isa = PBXFileReference; fileEncoding = 4; lastKnownFileType = sourcecode.c.objc; path = CMParserTestObject.m; sourceTree = "<group>"; };
		72C17A7F1A6EB75800212F17 /* CMDocument+AttributedStringAdditions.h */ = {isa = PBXFileReference; fileEncoding = 4; lastKnownFileType = sourcecode.c.h; path = "CMDocument+AttributedStringAdditions.h"; sourceTree = "<group>"; };
		72C17A801A6EB75800212F17 /* CMDocument+AttributedStringAdditions.m */ = {isa = PBXFileReference; fileEncoding = 4; lastKnownFileType = sourcecode.c.objc; path = "CMDocument+AttributedStringAdditions.m"; sourceTree = "<group>"; };
		72C17A911A6EBA3300212F17 /* CMHTMLRenderer.h */ = {isa = PBXFileReference; fileEncoding = 4; lastKnownFileType = sourcecode.c.h; path = CMHTMLRenderer.h; sourceTree = "<group>"; };
		72C17A921A6EBA3300212F17 /* CMHTMLRenderer.m */ = {isa = PBXFileReference; fileEncoding = 4; lastKnownFileType = sourcecode.c.objc; path = CMHTMLRenderer.m; sourceTree = "<group>"; };
		72C17A971A6EBD7800212F17 /* CMDocument+HTMLAdditions.h */ = {isa = PBXFileReference; fileEncoding = 4; lastKnownFileType = sourcecode.c.h; path = "CMDocument+HTMLAdditions.h"; sourceTree = "<group>"; };
		72C17A981A6EBD7800212F17 /* CMDocument+HTMLAdditions.m */ = {isa = PBXFileReference; fileEncoding = 4; lastKnownFileType = sourcecode.c.objc; path = "CMDocument+HTMLAdditions.m"; sourceTree = "<group>"; };
		72C17A9D1A6EBE5600212F17 /* CMHTMLRendererSpec.m */ = {isa = PBXFileReference; fileEncoding = 4; lastKnownFileType = sourcecode.c.objc; path = CMHTMLRendererSpec.m; sourceTree = "<group>"; };
		72FE7E981A68683300F23F46 /* test.md */ = {isa = PBXFileReference; fileEncoding = 4; lastKnownFileType = net.daringfireball.markdown; path = test.md; sourceTree = "<group>"; };
		72FE7EC91A68692400F23F46 /* Example-iOS.app */ = {isa = PBXFileReference; explicitFileType = wrapper.application; includeInIndex = 0; path = "Example-iOS.app"; sourceTree = BUILT_PRODUCTS_DIR; };
		72FE7ECC1A68692400F23F46 /* Info.plist */ = {isa = PBXFileReference; lastKnownFileType = text.plist.xml; path = Info.plist; sourceTree = "<group>"; };
		72FE7ECD1A68692400F23F46 /* AppDelegate.swift */ = {isa = PBXFileReference; lastKnownFileType = sourcecode.swift; path = AppDelegate.swift; sourceTree = "<group>"; };
		72FE7ECF1A68692400F23F46 /* ViewController.swift */ = {isa = PBXFileReference; lastKnownFileType = sourcecode.swift; path = ViewController.swift; sourceTree = "<group>"; };
		72FE7ED21A68692400F23F46 /* Base */ = {isa = PBXFileReference; lastKnownFileType = file.storyboard; name = Base; path = Base.lproj/Main.storyboard; sourceTree = "<group>"; };
		72FE7ED41A68692400F23F46 /* Images.xcassets */ = {isa = PBXFileReference; lastKnownFileType = folder.assetcatalog; path = Images.xcassets; sourceTree = "<group>"; };
		72FE7ED71A68692400F23F46 /* Base */ = {isa = PBXFileReference; lastKnownFileType = file.xib; name = Base; path = Base.lproj/LaunchScreen.xib; sourceTree = "<group>"; };
		72FE7EF41A68695100F23F46 /* Example-Mac.app */ = {isa = PBXFileReference; explicitFileType = wrapper.application; includeInIndex = 0; path = "Example-Mac.app"; sourceTree = BUILT_PRODUCTS_DIR; };
		72FE7EF71A68695100F23F46 /* Info.plist */ = {isa = PBXFileReference; lastKnownFileType = text.plist.xml; path = Info.plist; sourceTree = "<group>"; };
		72FE7EF81A68695100F23F46 /* AppDelegate.swift */ = {isa = PBXFileReference; lastKnownFileType = sourcecode.swift; path = AppDelegate.swift; sourceTree = "<group>"; };
		72FE7EFA1A68695100F23F46 /* Images.xcassets */ = {isa = PBXFileReference; lastKnownFileType = folder.assetcatalog; path = Images.xcassets; sourceTree = "<group>"; };
		72FE7EFD1A68695100F23F46 /* Base */ = {isa = PBXFileReference; lastKnownFileType = file.xib; name = Base; path = Base.lproj/MainMenu.xib; sourceTree = "<group>"; };
		72FE7F171A686AC300F23F46 /* test.md */ = {isa = PBXFileReference; fileEncoding = 4; lastKnownFileType = net.daringfireball.markdown; path = test.md; sourceTree = "<group>"; };
		9BC3AB4E22B4CEA3199040DC /* Pods_CocoaMarkdown_iOS.framework */ = {isa = PBXFileReference; explicitFileType = wrapper.framework; includeInIndex = 0; path = Pods_CocoaMarkdown_iOS.framework; sourceTree = BUILT_PRODUCTS_DIR; };
		A8BD9F439C2253769359D9FB /* Pods-CocoaMarkdown-Mac.debug.xcconfig */ = {isa = PBXFileReference; includeInIndex = 1; lastKnownFileType = text.xcconfig; name = "Pods-CocoaMarkdown-Mac.debug.xcconfig"; path = "Pods/Target Support Files/Pods-CocoaMarkdown-Mac/Pods-CocoaMarkdown-Mac.debug.xcconfig"; sourceTree = "<group>"; };
		E1F939D9AC7C0F64F0528968 /* Pods_CocoaMarkdownTests_Mac.framework */ = {isa = PBXFileReference; explicitFileType = wrapper.framework; includeInIndex = 0; path = Pods_CocoaMarkdownTests_Mac.framework; sourceTree = BUILT_PRODUCTS_DIR; };
		E604E4B8A6692CCACB89B0D6 /* Pods-CocoaMarkdownTests-iOS.debug.xcconfig */ = {isa = PBXFileReference; includeInIndex = 1; lastKnownFileType = text.xcconfig; name = "Pods-CocoaMarkdownTests-iOS.debug.xcconfig"; path = "Pods/Target Support Files/Pods-CocoaMarkdownTests-iOS/Pods-CocoaMarkdownTests-iOS.debug.xcconfig"; sourceTree = "<group>"; };
/* End PBXFileReference section */

/* Begin PBXFrameworksBuildPhase section */
		729F53D61A68641400CC7448 /* Frameworks */ = {
			isa = PBXFrameworksBuildPhase;
			buildActionMask = 2147483647;
			files = (
				725116031A6973A700337419 /* libxml2.dylib in Frameworks */,
				A127D46B91C15678FCA1EA4C /* Pods_CocoaMarkdown_iOS.framework in Frameworks */,
			);
			runOnlyForDeploymentPostprocessing = 0;
		};
		729F53E21A68641400CC7448 /* Frameworks */ = {
			isa = PBXFrameworksBuildPhase;
			buildActionMask = 2147483647;
			files = (
				729F53E61A68641400CC7448 /* CocoaMarkdown.framework in Frameworks */,
				9855C48B3699D026448A85ED /* Pods_CocoaMarkdownTests_iOS.framework in Frameworks */,
			);
			runOnlyForDeploymentPostprocessing = 0;
		};
		729F53F71A68649200CC7448 /* Frameworks */ = {
			isa = PBXFrameworksBuildPhase;
			buildActionMask = 2147483647;
			files = (
				725116051A6973AC00337419 /* libxml2.dylib in Frameworks */,
				FE0B086DD687EA4684E64A09 /* Pods_CocoaMarkdown_Mac.framework in Frameworks */,
			);
			runOnlyForDeploymentPostprocessing = 0;
		};
		729F54021A68649200CC7448 /* Frameworks */ = {
			isa = PBXFrameworksBuildPhase;
			buildActionMask = 2147483647;
			files = (
				729F54061A68649200CC7448 /* CocoaMarkdown.framework in Frameworks */,
				114C4DA90D67EB5397CE92DC /* Pods_CocoaMarkdownTests_Mac.framework in Frameworks */,
			);
			runOnlyForDeploymentPostprocessing = 0;
		};
		72FE7EC61A68692400F23F46 /* Frameworks */ = {
			isa = PBXFrameworksBuildPhase;
			buildActionMask = 2147483647;
			files = (
				72FE7EED1A68693900F23F46 /* CocoaMarkdown.framework in Frameworks */,
			);
			runOnlyForDeploymentPostprocessing = 0;
		};
		72FE7EF11A68695100F23F46 /* Frameworks */ = {
			isa = PBXFrameworksBuildPhase;
			buildActionMask = 2147483647;
			files = (
				720DA5811A68A00900DD05AF /* CocoaMarkdown.framework in Frameworks */,
			);
			runOnlyForDeploymentPostprocessing = 0;
		};
/* End PBXFrameworksBuildPhase section */

/* Begin PBXGroup section */
		560AEDFEFA69759295D9354F /* Frameworks */ = {
			isa = PBXGroup;
			children = (
				52CA835A27B3D095C033C99B /* Pods_CocoaMarkdown_Mac.framework */,
				9BC3AB4E22B4CEA3199040DC /* Pods_CocoaMarkdown_iOS.framework */,
				E1F939D9AC7C0F64F0528968 /* Pods_CocoaMarkdownTests_Mac.framework */,
				31F88399945A02E7C1817680 /* Pods_CocoaMarkdownTests_iOS.framework */,
			);
			name = Frameworks;
			sourceTree = "<group>";
		};
		725116061A6973B200337419 /* Frameworks */ = {
			isa = PBXGroup;
			children = (
				725116041A6973AC00337419 /* libxml2.dylib */,
				725116021A6973A700337419 /* libxml2.dylib */,
			);
			name = Frameworks;
			sourceTree = "<group>";
		};
		7251160D1A69761700337419 /* Attributed Strings */ = {
			isa = PBXGroup;
			children = (
				7251160F1A69762800337419 /* HTML */,
				729F54141A6864F400CC7448 /* CMAttributedStringRenderer.h */,
				729F54151A6864F400CC7448 /* CMAttributedStringRenderer.m */,
				722E33DE1A68E7E4004DE919 /* CMAttributeRun.h */,
				722E33DF1A68E7E4004DE919 /* CMAttributeRun.m */,
				722E33EA1A68EADA004DE919 /* CMCascadingAttributeStack.h */,
				722E33EB1A68EADA004DE919 /* CMCascadingAttributeStack.m */,
				725115DE1A6970A300337419 /* CMStack.h */,
				725115DF1A6970A300337419 /* CMStack.m */,
				722E33E41A68E86B004DE919 /* CMTextAttributes.h */,
				722E33E51A68E86B004DE919 /* CMTextAttributes.m */,
				72C17A7F1A6EB75800212F17 /* CMDocument+AttributedStringAdditions.h */,
				72C17A801A6EB75800212F17 /* CMDocument+AttributedStringAdditions.m */,
			);
			name = "Attributed Strings";
			sourceTree = "<group>";
		};
		7251160F1A69762800337419 /* HTML */ = {
			isa = PBXGroup;
			children = (
				725116071A69760A00337419 /* CMHTMLElement.h */,
				725116081A69760A00337419 /* CMHTMLElement.m */,
				725115F41A6972AE00337419 /* CMHTMLElementTransformer.h */,
				72772BD41A699ACA0059936C /* CMHTMLUtilities.h */,
				72772BD51A699ACA0059936C /* CMHTMLUtilities.m */,
				72772BE41A69ABB20059936C /* CMHTMLStrikethroughTransformer.h */,
				72772BE51A69ABB20059936C /* CMHTMLStrikethroughTransformer.m */,
				72772BEA1A6A22720059936C /* CMHTMLSuperscriptTransformer.h */,
				72772BEB1A6A22720059936C /* CMHTMLSuperscriptTransformer.m */,
				72772BF91A6A2B5C0059936C /* CMHTMLSubscriptTransformer.h */,
				72772BFA1A6A2B5C0059936C /* CMHTMLSubscriptTransformer.m */,
				72772BF01A6A28A70059936C /* CMHTMLScriptTransformer.h */,
				72772BF11A6A28A70059936C /* CMHTMLScriptTransformer.m */,
				72772BF61A6A29810059936C /* CMHTMLScriptTransformer_Private.h */,
				06D9F8751A70465700C00B67 /* CMHTMLUnderlineTransformer.h */,
				06D9F8761A70465700C00B67 /* CMHTMLUnderlineTransformer.m */,
			);
			name = HTML;
			sourceTree = "<group>";
		};
		729F53D01A68641300CC7448 = {
			isa = PBXGroup;
			children = (
				729F53DC1A68641400CC7448 /* CocoaMarkdown */,
				729F53E91A68641400CC7448 /* CocoaMarkdownTests */,
				72FE7ECA1A68692400F23F46 /* Example-iOS */,
				72FE7EF51A68695100F23F46 /* Example-Mac */,
				729F53DB1A68641400CC7448 /* Products */,
				CCA96F30AFD7DAAE53E05BE1 /* Pods */,
				560AEDFEFA69759295D9354F /* Frameworks */,
			);
			sourceTree = "<group>";
		};
		729F53DB1A68641400CC7448 /* Products */ = {
			isa = PBXGroup;
			children = (
				729F53DA1A68641400CC7448 /* CocoaMarkdown.framework */,
				729F53E51A68641400CC7448 /* CocoaMarkdownTests-iOS.xctest */,
				729F53FB1A68649200CC7448 /* CocoaMarkdown.framework */,
				729F54051A68649200CC7448 /* CocoaMarkdownTests-Mac.xctest */,
				72FE7EC91A68692400F23F46 /* Example-iOS.app */,
				72FE7EF41A68695100F23F46 /* Example-Mac.app */,
			);
			name = Products;
			sourceTree = "<group>";
		};
		729F53DC1A68641400CC7448 /* CocoaMarkdown */ = {
			isa = PBXGroup;
			children = (
				729F53DF1A68641400CC7448 /* CocoaMarkdown.h */,
				729F541F1A6864F400CC7448 /* CMPlatformDefines.h */,
				72C17A8F1A6EB9AB00212F17 /* CommonMark */,
				7251160D1A69761700337419 /* Attributed Strings */,
				72C17A901A6EBA1B00212F17 /* HTML */,
				729F53DD1A68641400CC7448 /* Supporting Files */,
				725116061A6973B200337419 /* Frameworks */,
			);
			path = CocoaMarkdown;
			sourceTree = "<group>";
		};
		729F53DD1A68641400CC7448 /* Supporting Files */ = {
			isa = PBXGroup;
			children = (
				729F53DE1A68641400CC7448 /* Info.plist */,
			);
			name = "Supporting Files";
			sourceTree = "<group>";
		};
		729F53E91A68641400CC7448 /* CocoaMarkdownTests */ = {
			isa = PBXGroup;
			children = (
				729F54B71A68673800CC7448 /* CMDocumentSpec.m */,
				729F54B81A68673800CC7448 /* CMIteratorSpec.m */,
				729F54B91A68673800CC7448 /* CMNodeSpec.m */,
				729F54BA1A68673800CC7448 /* CMParserSpec.m */,
				729F54BB1A68673800CC7448 /* CMParserTestObject.h */,
				729F54BC1A68673800CC7448 /* CMParserTestObject.m */,
				72C17A9D1A6EBE5600212F17 /* CMHTMLRendererSpec.m */,
				72FE7E971A68683300F23F46 /* Resources */,
				729F53EA1A68641400CC7448 /* Supporting Files */,
			);
			path = CocoaMarkdownTests;
			sourceTree = "<group>";
		};
		729F53EA1A68641400CC7448 /* Supporting Files */ = {
			isa = PBXGroup;
			children = (
				729F54B11A6866C200CC7448 /* DummySpec.swift */,
				729F54B41A6866E200CC7448 /* CocoaMarkdownTests-Bridging-Header.h */,
				729F53EB1A68641400CC7448 /* Info.plist */,
			);
			name = "Supporting Files";
			sourceTree = "<group>";
		};
		72C17A8F1A6EB9AB00212F17 /* CommonMark */ = {
			isa = PBXGroup;
			children = (
				729F54161A6864F400CC7448 /* CMDocument.h */,
				729F54171A6864F400CC7448 /* CMDocument.m */,
				728FA12E1AEED87900C7A368 /* CMDocument_Private.h */,
				729F54181A6864F400CC7448 /* CMIterator.h */,
				729F54191A6864F400CC7448 /* CMIterator.m */,
				729F541A1A6864F400CC7448 /* CMNode_Private.h */,
				729F541B1A6864F400CC7448 /* CMNode.h */,
				729F541C1A6864F400CC7448 /* CMNode.m */,
				729F541D1A6864F400CC7448 /* CMParser.h */,
				729F541E1A6864F400CC7448 /* CMParser.m */,
			);
			name = CommonMark;
			sourceTree = "<group>";
		};
		72C17A901A6EBA1B00212F17 /* HTML */ = {
			isa = PBXGroup;
			children = (
				72C17A911A6EBA3300212F17 /* CMHTMLRenderer.h */,
				72C17A921A6EBA3300212F17 /* CMHTMLRenderer.m */,
				72C17A971A6EBD7800212F17 /* CMDocument+HTMLAdditions.h */,
				72C17A981A6EBD7800212F17 /* CMDocument+HTMLAdditions.m */,
			);
			name = HTML;
			sourceTree = "<group>";
		};
		72FE7E971A68683300F23F46 /* Resources */ = {
			isa = PBXGroup;
			children = (
				72FE7E981A68683300F23F46 /* test.md */,
			);
			path = Resources;
			sourceTree = "<group>";
		};
		72FE7ECA1A68692400F23F46 /* Example-iOS */ = {
			isa = PBXGroup;
			children = (
				72FE7ECD1A68692400F23F46 /* AppDelegate.swift */,
				72FE7ECF1A68692400F23F46 /* ViewController.swift */,
				72FE7ED11A68692400F23F46 /* Main.storyboard */,
				72FE7ED41A68692400F23F46 /* Images.xcassets */,
				72FE7ED61A68692400F23F46 /* LaunchScreen.xib */,
				72FE7F161A686AC300F23F46 /* Resources */,
				72FE7ECB1A68692400F23F46 /* Supporting Files */,
			);
			path = "Example-iOS";
			sourceTree = "<group>";
		};
		72FE7ECB1A68692400F23F46 /* Supporting Files */ = {
			isa = PBXGroup;
			children = (
				72FE7ECC1A68692400F23F46 /* Info.plist */,
			);
			name = "Supporting Files";
			sourceTree = "<group>";
		};
		72FE7EF51A68695100F23F46 /* Example-Mac */ = {
			isa = PBXGroup;
			children = (
				72FE7EF81A68695100F23F46 /* AppDelegate.swift */,
				72FE7EFA1A68695100F23F46 /* Images.xcassets */,
				72FE7EFC1A68695100F23F46 /* MainMenu.xib */,
				72FE7EF61A68695100F23F46 /* Supporting Files */,
			);
			path = "Example-Mac";
			sourceTree = "<group>";
		};
		72FE7EF61A68695100F23F46 /* Supporting Files */ = {
			isa = PBXGroup;
			children = (
				72FE7EF71A68695100F23F46 /* Info.plist */,
			);
			name = "Supporting Files";
			sourceTree = "<group>";
		};
		72FE7F161A686AC300F23F46 /* Resources */ = {
			isa = PBXGroup;
			children = (
				72FE7F171A686AC300F23F46 /* test.md */,
			);
			name = Resources;
			path = CocoaMarkdownTests/Resources;
			sourceTree = SOURCE_ROOT;
		};
		CCA96F30AFD7DAAE53E05BE1 /* Pods */ = {
			isa = PBXGroup;
			children = (
				A8BD9F439C2253769359D9FB /* Pods-CocoaMarkdown-Mac.debug.xcconfig */,
				12AAB7BBEAE89A3E7B0A8C88 /* Pods-CocoaMarkdown-Mac.release.xcconfig */,
				504CEAD80AA635F3D4F1059E /* Pods-CocoaMarkdown-iOS.debug.xcconfig */,
				33C6F07527E8F01C5B9FE4A1 /* Pods-CocoaMarkdown-iOS.release.xcconfig */,
				4035C248A9AE9CFE073E16DF /* Pods-CocoaMarkdownTests-Mac.debug.xcconfig */,
				0B849808A5B2FAF25F3D1749 /* Pods-CocoaMarkdownTests-Mac.release.xcconfig */,
				E604E4B8A6692CCACB89B0D6 /* Pods-CocoaMarkdownTests-iOS.debug.xcconfig */,
				702EDE2C02B4748CA50FE2DA /* Pods-CocoaMarkdownTests-iOS.release.xcconfig */,
			);
			name = Pods;
			sourceTree = "<group>";
		};
/* End PBXGroup section */

/* Begin PBXHeadersBuildPhase section */
		729F53D71A68641400CC7448 /* Headers */ = {
			isa = PBXHeadersBuildPhase;
			buildActionMask = 2147483647;
			files = (
				06D9F8771A70465700C00B67 /* CMHTMLUnderlineTransformer.h in Headers */,
				722E33E61A68E86B004DE919 /* CMTextAttributes.h in Headers */,
				72C17A991A6EBD7800212F17 /* CMDocument+HTMLAdditions.h in Headers */,
				729F54301A6864F400CC7448 /* CMNode.h in Headers */,
				72772BE61A69ABB20059936C /* CMHTMLStrikethroughTransformer.h in Headers */,
				725115E01A6970A300337419 /* CMStack.h in Headers */,
				722E33E01A68E7E4004DE919 /* CMAttributeRun.h in Headers */,
				729F54341A6864F400CC7448 /* CMParser.h in Headers */,
				72772BF71A6A29810059936C /* CMHTMLScriptTransformer_Private.h in Headers */,
				72772BFB1A6A2B5C0059936C /* CMHTMLSubscriptTransformer.h in Headers */,
				72772BEC1A6A22720059936C /* CMHTMLSuperscriptTransformer.h in Headers */,
				729F542A1A6864F400CC7448 /* CMIterator.h in Headers */,
				729F54261A6864F400CC7448 /* CMDocument.h in Headers */,
				728FA12F1AEED87900C7A368 /* CMDocument_Private.h in Headers */,
				725115F51A6972AE00337419 /* CMHTMLElementTransformer.h in Headers */,
				72772BF21A6A28A70059936C /* CMHTMLScriptTransformer.h in Headers */,
				729F54221A6864F400CC7448 /* CMAttributedStringRenderer.h in Headers */,
				72772BD61A699ACB0059936C /* CMHTMLUtilities.h in Headers */,
				725116091A69760A00337419 /* CMHTMLElement.h in Headers */,
				72C17A931A6EBA3300212F17 /* CMHTMLRenderer.h in Headers */,
				722E33EC1A68EADA004DE919 /* CMCascadingAttributeStack.h in Headers */,
				729F54381A6864F400CC7448 /* CMPlatformDefines.h in Headers */,
				729F53E01A68641400CC7448 /* CocoaMarkdown.h in Headers */,
				729F542E1A6864F400CC7448 /* CMNode_Private.h in Headers */,
				72C17A811A6EB75800212F17 /* CMDocument+AttributedStringAdditions.h in Headers */,
			);
			runOnlyForDeploymentPostprocessing = 0;
		};
		729F53F81A68649200CC7448 /* Headers */ = {
			isa = PBXHeadersBuildPhase;
			buildActionMask = 2147483647;
			files = (
				725115F61A6972AE00337419 /* CMHTMLElementTransformer.h in Headers */,
				729F54231A6864F400CC7448 /* CMAttributedStringRenderer.h in Headers */,
				729F54271A6864F400CC7448 /* CMDocument.h in Headers */,
				72772BF81A6A29810059936C /* CMHTMLScriptTransformer_Private.h in Headers */,
				729F54351A6864F400CC7448 /* CMParser.h in Headers */,
				722E33E11A68E7E4004DE919 /* CMAttributeRun.h in Headers */,
				722E33E71A68E86B004DE919 /* CMTextAttributes.h in Headers */,
				06D9F8781A70465700C00B67 /* CMHTMLUnderlineTransformer.h in Headers */,
				729F542B1A6864F400CC7448 /* CMIterator.h in Headers */,
				729F54311A6864F400CC7448 /* CMNode.h in Headers */,
				7251160A1A69760A00337419 /* CMHTMLElement.h in Headers */,
				72772BFC1A6A2B5C0059936C /* CMHTMLSubscriptTransformer.h in Headers */,
				72C17A941A6EBA3300212F17 /* CMHTMLRenderer.h in Headers */,
				72772BD71A699ACB0059936C /* CMHTMLUtilities.h in Headers */,
				728FA1301AEED87900C7A368 /* CMDocument_Private.h in Headers */,
				725115E11A6970A300337419 /* CMStack.h in Headers */,
				729F54391A6864F400CC7448 /* CMPlatformDefines.h in Headers */,
				72772BF31A6A28A70059936C /* CMHTMLScriptTransformer.h in Headers */,
				72736B671A7B467E0046B957 /* CocoaMarkdown.h in Headers */,
				72C17A9A1A6EBD7800212F17 /* CMDocument+HTMLAdditions.h in Headers */,
				72772BED1A6A22720059936C /* CMHTMLSuperscriptTransformer.h in Headers */,
				72C17A821A6EB75800212F17 /* CMDocument+AttributedStringAdditions.h in Headers */,
				722E33ED1A68EADA004DE919 /* CMCascadingAttributeStack.h in Headers */,
				72772BE71A69ABB20059936C /* CMHTMLStrikethroughTransformer.h in Headers */,
				729F542F1A6864F400CC7448 /* CMNode_Private.h in Headers */,
			);
			runOnlyForDeploymentPostprocessing = 0;
		};
/* End PBXHeadersBuildPhase section */

/* Begin PBXNativeTarget section */
		729F53D91A68641400CC7448 /* CocoaMarkdown-iOS */ = {
			isa = PBXNativeTarget;
			buildConfigurationList = 729F53F01A68641400CC7448 /* Build configuration list for PBXNativeTarget "CocoaMarkdown-iOS" */;
			buildPhases = (
				B8D540ED003FEF953BE90537 /* Check Pods Manifest.lock */,
				729F53D51A68641400CC7448 /* Sources */,
				729F53D61A68641400CC7448 /* Frameworks */,
				729F53D71A68641400CC7448 /* Headers */,
				729F53D81A68641400CC7448 /* Resources */,
				4F3FEE201982FFFF00818F74 /* Copy Pods Resources */,
			);
			buildRules = (
			);
			dependencies = (
			);
			name = "CocoaMarkdown-iOS";
			productName = CocoaMarkdown;
			productReference = 729F53DA1A68641400CC7448 /* CocoaMarkdown.framework */;
			productType = "com.apple.product-type.framework";
		};
		729F53E41A68641400CC7448 /* CocoaMarkdownTests-iOS */ = {
			isa = PBXNativeTarget;
			buildConfigurationList = 729F53F31A68641400CC7448 /* Build configuration list for PBXNativeTarget "CocoaMarkdownTests-iOS" */;
			buildPhases = (
				8D554E5900D5B96EA67CC7E8 /* Check Pods Manifest.lock */,
				729F53E11A68641400CC7448 /* Sources */,
				729F53E21A68641400CC7448 /* Frameworks */,
				729F53E31A68641400CC7448 /* Resources */,
				234BBDA6D48BBFA1EDB050E8 /* Embed Pods Frameworks */,
				7D8791B20047F7669ED7E22E /* Copy Pods Resources */,
			);
			buildRules = (
			);
			dependencies = (
				729F53E81A68641400CC7448 /* PBXTargetDependency */,
			);
			name = "CocoaMarkdownTests-iOS";
			productName = CocoaMarkdownTests;
			productReference = 729F53E51A68641400CC7448 /* CocoaMarkdownTests-iOS.xctest */;
			productType = "com.apple.product-type.bundle.unit-test";
		};
		729F53FA1A68649200CC7448 /* CocoaMarkdown-Mac */ = {
			isa = PBXNativeTarget;
			buildConfigurationList = 729F540E1A68649200CC7448 /* Build configuration list for PBXNativeTarget "CocoaMarkdown-Mac" */;
			buildPhases = (
				9138EEB53F8E24554BA21A43 /* Check Pods Manifest.lock */,
				729F53F61A68649200CC7448 /* Sources */,
				729F53F71A68649200CC7448 /* Frameworks */,
				729F53F81A68649200CC7448 /* Headers */,
				729F53F91A68649200CC7448 /* Resources */,
				E3FA604CE676EEAE249C361A /* Copy Pods Resources */,
			);
			buildRules = (
			);
			dependencies = (
			);
			name = "CocoaMarkdown-Mac";
			productName = CocoaMarkdown;
			productReference = 729F53FB1A68649200CC7448 /* CocoaMarkdown.framework */;
			productType = "com.apple.product-type.framework";
		};
		729F54041A68649200CC7448 /* CocoaMarkdownTests-Mac */ = {
			isa = PBXNativeTarget;
			buildConfigurationList = 729F54111A68649200CC7448 /* Build configuration list for PBXNativeTarget "CocoaMarkdownTests-Mac" */;
			buildPhases = (
				C683838C0C361CBB91574B69 /* Check Pods Manifest.lock */,
				729F54011A68649200CC7448 /* Sources */,
				729F54021A68649200CC7448 /* Frameworks */,
				729F54031A68649200CC7448 /* Resources */,
				53DC6FBCFDE403596CDC2A33 /* Embed Pods Frameworks */,
				1D56ABCD8D560EE2E55D45F4 /* Copy Pods Resources */,
			);
			buildRules = (
			);
			dependencies = (
				729F54081A68649200CC7448 /* PBXTargetDependency */,
			);
			name = "CocoaMarkdownTests-Mac";
			productName = CocoaMarkdownTests;
			productReference = 729F54051A68649200CC7448 /* CocoaMarkdownTests-Mac.xctest */;
			productType = "com.apple.product-type.bundle.unit-test";
		};
		72FE7EC81A68692400F23F46 /* Example-iOS */ = {
			isa = PBXNativeTarget;
			buildConfigurationList = 72FE7EE51A68692400F23F46 /* Build configuration list for PBXNativeTarget "Example-iOS" */;
			buildPhases = (
				72FE7EC51A68692400F23F46 /* Sources */,
				72FE7EC61A68692400F23F46 /* Frameworks */,
				72FE7EC71A68692400F23F46 /* Resources */,
				72FE7EEE1A68693E00F23F46 /* Copy Frameworks */,
			);
			buildRules = (
			);
			dependencies = (
				72FE7EEC1A68693200F23F46 /* PBXTargetDependency */,
			);
			name = "Example-iOS";
			productName = "Example-iOS";
			productReference = 72FE7EC91A68692400F23F46 /* Example-iOS.app */;
			productType = "com.apple.product-type.application";
		};
		72FE7EF31A68695100F23F46 /* Example-Mac */ = {
			isa = PBXNativeTarget;
			buildConfigurationList = 72FE7F0B1A68695100F23F46 /* Build configuration list for PBXNativeTarget "Example-Mac" */;
			buildPhases = (
				72FE7EF01A68695100F23F46 /* Sources */,
				72FE7EF11A68695100F23F46 /* Frameworks */,
				72FE7EF21A68695100F23F46 /* Resources */,
				72FE7F141A68697E00F23F46 /* Copy Frameworks */,
			);
			buildRules = (
			);
			dependencies = (
				720DA5801A68A00300DD05AF /* PBXTargetDependency */,
			);
			name = "Example-Mac";
			productName = "Example-Mac";
			productReference = 72FE7EF41A68695100F23F46 /* Example-Mac.app */;
			productType = "com.apple.product-type.application";
		};
/* End PBXNativeTarget section */

/* Begin PBXProject section */
		729F53D11A68641300CC7448 /* Project object */ = {
			isa = PBXProject;
			attributes = {
				LastSwiftUpdateCheck = 0720;
				LastUpgradeCheck = 0720;
				ORGANIZATIONNAME = "Indragie Karunaratne";
				TargetAttributes = {
					729F53D91A68641400CC7448 = {
						CreatedOnToolsVersion = 6.1.1;
					};
					729F53E41A68641400CC7448 = {
						CreatedOnToolsVersion = 6.1.1;
					};
					729F53FA1A68649200CC7448 = {
						CreatedOnToolsVersion = 6.1.1;
					};
					729F54041A68649200CC7448 = {
						CreatedOnToolsVersion = 6.1.1;
					};
					72FE7EC81A68692400F23F46 = {
						CreatedOnToolsVersion = 6.1.1;
					};
					72FE7EF31A68695100F23F46 = {
						CreatedOnToolsVersion = 6.1.1;
					};
				};
			};
			buildConfigurationList = 729F53D41A68641300CC7448 /* Build configuration list for PBXProject "CocoaMarkdown" */;
			compatibilityVersion = "Xcode 3.2";
			developmentRegion = English;
			hasScannedForEncodings = 0;
			knownRegions = (
				en,
				Base,
			);
			mainGroup = 729F53D01A68641300CC7448;
			productRefGroup = 729F53DB1A68641400CC7448 /* Products */;
			projectDirPath = "";
			projectRoot = "";
			targets = (
				729F53D91A68641400CC7448 /* CocoaMarkdown-iOS */,
				729F53E41A68641400CC7448 /* CocoaMarkdownTests-iOS */,
				729F53FA1A68649200CC7448 /* CocoaMarkdown-Mac */,
				729F54041A68649200CC7448 /* CocoaMarkdownTests-Mac */,
				72FE7EC81A68692400F23F46 /* Example-iOS */,
				72FE7EF31A68695100F23F46 /* Example-Mac */,
			);
		};
/* End PBXProject section */

/* Begin PBXResourcesBuildPhase section */
		729F53D81A68641400CC7448 /* Resources */ = {
			isa = PBXResourcesBuildPhase;
			buildActionMask = 2147483647;
			files = (
			);
			runOnlyForDeploymentPostprocessing = 0;
		};
		729F53E31A68641400CC7448 /* Resources */ = {
			isa = PBXResourcesBuildPhase;
			buildActionMask = 2147483647;
			files = (
				72FE7E9C1A68684700F23F46 /* test.md in Resources */,
			);
			runOnlyForDeploymentPostprocessing = 0;
		};
		729F53F91A68649200CC7448 /* Resources */ = {
			isa = PBXResourcesBuildPhase;
			buildActionMask = 2147483647;
			files = (
			);
			runOnlyForDeploymentPostprocessing = 0;
		};
		729F54031A68649200CC7448 /* Resources */ = {
			isa = PBXResourcesBuildPhase;
			buildActionMask = 2147483647;
			files = (
				72FE7E9B1A68684000F23F46 /* test.md in Resources */,
			);
			runOnlyForDeploymentPostprocessing = 0;
		};
		72FE7EC71A68692400F23F46 /* Resources */ = {
			isa = PBXResourcesBuildPhase;
			buildActionMask = 2147483647;
			files = (
				72FE7ED31A68692400F23F46 /* Main.storyboard in Resources */,
				72FE7ED81A68692400F23F46 /* LaunchScreen.xib in Resources */,
				72FE7ED51A68692400F23F46 /* Images.xcassets in Resources */,
				72FE7F191A686ACD00F23F46 /* test.md in Resources */,
			);
			runOnlyForDeploymentPostprocessing = 0;
		};
		72FE7EF21A68695100F23F46 /* Resources */ = {
			isa = PBXResourcesBuildPhase;
			buildActionMask = 2147483647;
			files = (
				72FE7EFB1A68695100F23F46 /* Images.xcassets in Resources */,
				72FE7EFE1A68695100F23F46 /* MainMenu.xib in Resources */,
				722694BC1A687B4100E1D3DC /* test.md in Resources */,
			);
			runOnlyForDeploymentPostprocessing = 0;
		};
/* End PBXResourcesBuildPhase section */

/* Begin PBXShellScriptBuildPhase section */
		1D56ABCD8D560EE2E55D45F4 /* Copy Pods Resources */ = {
			isa = PBXShellScriptBuildPhase;
			buildActionMask = 2147483647;
			files = (
			);
			inputPaths = (
			);
			name = "Copy Pods Resources";
			outputPaths = (
			);
			runOnlyForDeploymentPostprocessing = 0;
			shellPath = /bin/sh;
			shellScript = "\"${SRCROOT}/Pods/Target Support Files/Pods-CocoaMarkdownTests-Mac/Pods-CocoaMarkdownTests-Mac-resources.sh\"\n";
			showEnvVarsInLog = 0;
		};
		234BBDA6D48BBFA1EDB050E8 /* Embed Pods Frameworks */ = {
			isa = PBXShellScriptBuildPhase;
			buildActionMask = 2147483647;
			files = (
			);
			inputPaths = (
			);
			name = "Embed Pods Frameworks";
			outputPaths = (
			);
			runOnlyForDeploymentPostprocessing = 0;
			shellPath = /bin/sh;
			shellScript = "\"${SRCROOT}/Pods/Target Support Files/Pods-CocoaMarkdownTests-iOS/Pods-CocoaMarkdownTests-iOS-frameworks.sh\"\n";
			showEnvVarsInLog = 0;
		};
		4F3FEE201982FFFF00818F74 /* Copy Pods Resources */ = {
			isa = PBXShellScriptBuildPhase;
			buildActionMask = 2147483647;
			files = (
			);
			inputPaths = (
			);
			name = "Copy Pods Resources";
			outputPaths = (
			);
			runOnlyForDeploymentPostprocessing = 0;
			shellPath = /bin/sh;
			shellScript = "\"${SRCROOT}/Pods/Target Support Files/Pods-CocoaMarkdown-iOS/Pods-CocoaMarkdown-iOS-resources.sh\"\n";
			showEnvVarsInLog = 0;
		};
		53DC6FBCFDE403596CDC2A33 /* Embed Pods Frameworks */ = {
			isa = PBXShellScriptBuildPhase;
			buildActionMask = 2147483647;
			files = (
			);
			inputPaths = (
			);
			name = "Embed Pods Frameworks";
			outputPaths = (
			);
			runOnlyForDeploymentPostprocessing = 0;
			shellPath = /bin/sh;
			shellScript = "\"${SRCROOT}/Pods/Target Support Files/Pods-CocoaMarkdownTests-Mac/Pods-CocoaMarkdownTests-Mac-frameworks.sh\"\n";
			showEnvVarsInLog = 0;
		};
		7D8791B20047F7669ED7E22E /* Copy Pods Resources */ = {
			isa = PBXShellScriptBuildPhase;
			buildActionMask = 2147483647;
			files = (
			);
			inputPaths = (
			);
			name = "Copy Pods Resources";
			outputPaths = (
			);
			runOnlyForDeploymentPostprocessing = 0;
			shellPath = /bin/sh;
			shellScript = "\"${SRCROOT}/Pods/Target Support Files/Pods-CocoaMarkdownTests-iOS/Pods-CocoaMarkdownTests-iOS-resources.sh\"\n";
			showEnvVarsInLog = 0;
		};
		8D554E5900D5B96EA67CC7E8 /* Check Pods Manifest.lock */ = {
			isa = PBXShellScriptBuildPhase;
			buildActionMask = 2147483647;
			files = (
			);
			inputPaths = (
			);
			name = "Check Pods Manifest.lock";
			outputPaths = (
			);
			runOnlyForDeploymentPostprocessing = 0;
			shellPath = /bin/sh;
			shellScript = "diff \"${PODS_ROOT}/../Podfile.lock\" \"${PODS_ROOT}/Manifest.lock\" > /dev/null\nif [[ $? != 0 ]] ; then\n    cat << EOM\nerror: The sandbox is not in sync with the Podfile.lock. Run 'pod install' or update your CocoaPods installation.\nEOM\n    exit 1\nfi\n";
			showEnvVarsInLog = 0;
		};
		9138EEB53F8E24554BA21A43 /* Check Pods Manifest.lock */ = {
			isa = PBXShellScriptBuildPhase;
			buildActionMask = 2147483647;
			files = (
			);
			inputPaths = (
			);
			name = "Check Pods Manifest.lock";
			outputPaths = (
			);
			runOnlyForDeploymentPostprocessing = 0;
			shellPath = /bin/sh;
			shellScript = "diff \"${PODS_ROOT}/../Podfile.lock\" \"${PODS_ROOT}/Manifest.lock\" > /dev/null\nif [[ $? != 0 ]] ; then\n    cat << EOM\nerror: The sandbox is not in sync with the Podfile.lock. Run 'pod install' or update your CocoaPods installation.\nEOM\n    exit 1\nfi\n";
			showEnvVarsInLog = 0;
		};
		B8D540ED003FEF953BE90537 /* Check Pods Manifest.lock */ = {
			isa = PBXShellScriptBuildPhase;
			buildActionMask = 2147483647;
			files = (
			);
			inputPaths = (
			);
			name = "Check Pods Manifest.lock";
			outputPaths = (
			);
			runOnlyForDeploymentPostprocessing = 0;
			shellPath = /bin/sh;
			shellScript = "diff \"${PODS_ROOT}/../Podfile.lock\" \"${PODS_ROOT}/Manifest.lock\" > /dev/null\nif [[ $? != 0 ]] ; then\n    cat << EOM\nerror: The sandbox is not in sync with the Podfile.lock. Run 'pod install' or update your CocoaPods installation.\nEOM\n    exit 1\nfi\n";
			showEnvVarsInLog = 0;
		};
		C683838C0C361CBB91574B69 /* Check Pods Manifest.lock */ = {
			isa = PBXShellScriptBuildPhase;
			buildActionMask = 2147483647;
			files = (
			);
			inputPaths = (
			);
			name = "Check Pods Manifest.lock";
			outputPaths = (
			);
			runOnlyForDeploymentPostprocessing = 0;
			shellPath = /bin/sh;
			shellScript = "diff \"${PODS_ROOT}/../Podfile.lock\" \"${PODS_ROOT}/Manifest.lock\" > /dev/null\nif [[ $? != 0 ]] ; then\n    cat << EOM\nerror: The sandbox is not in sync with the Podfile.lock. Run 'pod install' or update your CocoaPods installation.\nEOM\n    exit 1\nfi\n";
			showEnvVarsInLog = 0;
		};
		E3FA604CE676EEAE249C361A /* Copy Pods Resources */ = {
			isa = PBXShellScriptBuildPhase;
			buildActionMask = 2147483647;
			files = (
			);
			inputPaths = (
			);
			name = "Copy Pods Resources";
			outputPaths = (
			);
			runOnlyForDeploymentPostprocessing = 0;
			shellPath = /bin/sh;
			shellScript = "\"${SRCROOT}/Pods/Target Support Files/Pods-CocoaMarkdown-Mac/Pods-CocoaMarkdown-Mac-resources.sh\"\n";
			showEnvVarsInLog = 0;
		};
/* End PBXShellScriptBuildPhase section */

/* Begin PBXSourcesBuildPhase section */
		729F53D51A68641400CC7448 /* Sources */ = {
			isa = PBXSourcesBuildPhase;
			buildActionMask = 2147483647;
			files = (
				7251160B1A69760A00337419 /* CMHTMLElement.m in Sources */,
				729F542C1A6864F400CC7448 /* CMIterator.m in Sources */,
				729F54361A6864F400CC7448 /* CMParser.m in Sources */,
				72C17A831A6EB75800212F17 /* CMDocument+AttributedStringAdditions.m in Sources */,
				722E33E21A68E7E4004DE919 /* CMAttributeRun.m in Sources */,
				72772BEE1A6A22720059936C /* CMHTMLSuperscriptTransformer.m in Sources */,
				729F54321A6864F400CC7448 /* CMNode.m in Sources */,
				72772BFD1A6A2B5C0059936C /* CMHTMLSubscriptTransformer.m in Sources */,
				72772BF41A6A28A70059936C /* CMHTMLScriptTransformer.m in Sources */,
				729F54281A6864F400CC7448 /* CMDocument.m in Sources */,
				06D9F8791A70465700C00B67 /* CMHTMLUnderlineTransformer.m in Sources */,
				72772BD81A699ACB0059936C /* CMHTMLUtilities.m in Sources */,
				725115E21A6970A300337419 /* CMStack.m in Sources */,
				72C17A951A6EBA3300212F17 /* CMHTMLRenderer.m in Sources */,
				729F54241A6864F400CC7448 /* CMAttributedStringRenderer.m in Sources */,
				722E33E81A68E86B004DE919 /* CMTextAttributes.m in Sources */,
				72C17A9B1A6EBD7800212F17 /* CMDocument+HTMLAdditions.m in Sources */,
				72772BE81A69ABB20059936C /* CMHTMLStrikethroughTransformer.m in Sources */,
				722E33EE1A68EADA004DE919 /* CMCascadingAttributeStack.m in Sources */,
			);
			runOnlyForDeploymentPostprocessing = 0;
		};
		729F53E11A68641400CC7448 /* Sources */ = {
			isa = PBXSourcesBuildPhase;
			buildActionMask = 2147483647;
			files = (
				729F54C11A68673800CC7448 /* CMNodeSpec.m in Sources */,
				729F54C51A68673800CC7448 /* CMParserTestObject.m in Sources */,
				72C17A9E1A6EBE5600212F17 /* CMHTMLRendererSpec.m in Sources */,
				729F54BF1A68673800CC7448 /* CMIteratorSpec.m in Sources */,
				729F54C31A68673800CC7448 /* CMParserSpec.m in Sources */,
				729F54B21A6866C200CC7448 /* DummySpec.swift in Sources */,
				729F54BD1A68673800CC7448 /* CMDocumentSpec.m in Sources */,
			);
			runOnlyForDeploymentPostprocessing = 0;
		};
		729F53F61A68649200CC7448 /* Sources */ = {
			isa = PBXSourcesBuildPhase;
			buildActionMask = 2147483647;
			files = (
				7251160C1A69760A00337419 /* CMHTMLElement.m in Sources */,
				729F542D1A6864F400CC7448 /* CMIterator.m in Sources */,
				729F54371A6864F400CC7448 /* CMParser.m in Sources */,
				72C17A841A6EB75800212F17 /* CMDocument+AttributedStringAdditions.m in Sources */,
				722E33E31A68E7E4004DE919 /* CMAttributeRun.m in Sources */,
				72772BEF1A6A22720059936C /* CMHTMLSuperscriptTransformer.m in Sources */,
				729F54331A6864F400CC7448 /* CMNode.m in Sources */,
				72772BFE1A6A2B5C0059936C /* CMHTMLSubscriptTransformer.m in Sources */,
				72772BF51A6A28A70059936C /* CMHTMLScriptTransformer.m in Sources */,
				729F54291A6864F400CC7448 /* CMDocument.m in Sources */,
				06D9F87A1A70465700C00B67 /* CMHTMLUnderlineTransformer.m in Sources */,
				72772BD91A699ACB0059936C /* CMHTMLUtilities.m in Sources */,
				725115E31A6970A300337419 /* CMStack.m in Sources */,
				72C17A961A6EBA3300212F17 /* CMHTMLRenderer.m in Sources */,
				729F54251A6864F400CC7448 /* CMAttributedStringRenderer.m in Sources */,
				722E33E91A68E86B004DE919 /* CMTextAttributes.m in Sources */,
				72C17A9C1A6EBD7800212F17 /* CMDocument+HTMLAdditions.m in Sources */,
				72772BE91A69ABB20059936C /* CMHTMLStrikethroughTransformer.m in Sources */,
				722E33EF1A68EADA004DE919 /* CMCascadingAttributeStack.m in Sources */,
			);
			runOnlyForDeploymentPostprocessing = 0;
		};
		729F54011A68649200CC7448 /* Sources */ = {
			isa = PBXSourcesBuildPhase;
			buildActionMask = 2147483647;
			files = (
				729F54C21A68673800CC7448 /* CMNodeSpec.m in Sources */,
				729F54C61A68673800CC7448 /* CMParserTestObject.m in Sources */,
				72C17A9F1A6EBE5600212F17 /* CMHTMLRendererSpec.m in Sources */,
				729F54C01A68673800CC7448 /* CMIteratorSpec.m in Sources */,
				729F54C41A68673800CC7448 /* CMParserSpec.m in Sources */,
				729F54B31A6866C200CC7448 /* DummySpec.swift in Sources */,
				729F54BE1A68673800CC7448 /* CMDocumentSpec.m in Sources */,
			);
			runOnlyForDeploymentPostprocessing = 0;
		};
		72FE7EC51A68692400F23F46 /* Sources */ = {
			isa = PBXSourcesBuildPhase;
			buildActionMask = 2147483647;
			files = (
				72FE7ED01A68692400F23F46 /* ViewController.swift in Sources */,
				72FE7ECE1A68692400F23F46 /* AppDelegate.swift in Sources */,
			);
			runOnlyForDeploymentPostprocessing = 0;
		};
		72FE7EF01A68695100F23F46 /* Sources */ = {
			isa = PBXSourcesBuildPhase;
			buildActionMask = 2147483647;
			files = (
				72FE7EF91A68695100F23F46 /* AppDelegate.swift in Sources */,
			);
			runOnlyForDeploymentPostprocessing = 0;
		};
/* End PBXSourcesBuildPhase section */

/* Begin PBXTargetDependency section */
		720DA5801A68A00300DD05AF /* PBXTargetDependency */ = {
			isa = PBXTargetDependency;
			target = 729F53FA1A68649200CC7448 /* CocoaMarkdown-Mac */;
			targetProxy = 720DA57F1A68A00300DD05AF /* PBXContainerItemProxy */;
		};
		729F53E81A68641400CC7448 /* PBXTargetDependency */ = {
			isa = PBXTargetDependency;
			target = 729F53D91A68641400CC7448 /* CocoaMarkdown-iOS */;
			targetProxy = 729F53E71A68641400CC7448 /* PBXContainerItemProxy */;
		};
		729F54081A68649200CC7448 /* PBXTargetDependency */ = {
			isa = PBXTargetDependency;
			target = 729F53FA1A68649200CC7448 /* CocoaMarkdown-Mac */;
			targetProxy = 729F54071A68649200CC7448 /* PBXContainerItemProxy */;
		};
		72FE7EEC1A68693200F23F46 /* PBXTargetDependency */ = {
			isa = PBXTargetDependency;
			target = 729F53D91A68641400CC7448 /* CocoaMarkdown-iOS */;
			targetProxy = 72FE7EEB1A68693200F23F46 /* PBXContainerItemProxy */;
		};
/* End PBXTargetDependency section */

/* Begin PBXVariantGroup section */
		72FE7ED11A68692400F23F46 /* Main.storyboard */ = {
			isa = PBXVariantGroup;
			children = (
				72FE7ED21A68692400F23F46 /* Base */,
			);
			name = Main.storyboard;
			sourceTree = "<group>";
		};
		72FE7ED61A68692400F23F46 /* LaunchScreen.xib */ = {
			isa = PBXVariantGroup;
			children = (
				72FE7ED71A68692400F23F46 /* Base */,
			);
			name = LaunchScreen.xib;
			sourceTree = "<group>";
		};
		72FE7EFC1A68695100F23F46 /* MainMenu.xib */ = {
			isa = PBXVariantGroup;
			children = (
				72FE7EFD1A68695100F23F46 /* Base */,
			);
			name = MainMenu.xib;
			sourceTree = "<group>";
		};
/* End PBXVariantGroup section */

/* Begin XCBuildConfiguration section */
		729F53EE1A68641400CC7448 /* Debug */ = {
			isa = XCBuildConfiguration;
			buildSettings = {
				ALWAYS_SEARCH_USER_PATHS = NO;
				CLANG_CXX_LANGUAGE_STANDARD = "gnu++0x";
				CLANG_CXX_LIBRARY = "libc++";
				CLANG_ENABLE_MODULES = YES;
				CLANG_ENABLE_OBJC_ARC = YES;
				CLANG_WARN_BOOL_CONVERSION = YES;
				CLANG_WARN_CONSTANT_CONVERSION = YES;
				CLANG_WARN_DIRECT_OBJC_ISA_USAGE = YES_ERROR;
				CLANG_WARN_EMPTY_BODY = YES;
				CLANG_WARN_ENUM_CONVERSION = YES;
				CLANG_WARN_INT_CONVERSION = YES;
				CLANG_WARN_OBJC_ROOT_CLASS = YES_ERROR;
				CLANG_WARN_UNREACHABLE_CODE = YES;
				CLANG_WARN__DUPLICATE_METHOD_MATCH = YES;
				"CODE_SIGN_IDENTITY[sdk=iphoneos*]" = "iPhone Developer";
				COPY_PHASE_STRIP = NO;
				CURRENT_PROJECT_VERSION = 1;
				ENABLE_STRICT_OBJC_MSGSEND = YES;
				ENABLE_TESTABILITY = YES;
				GCC_C_LANGUAGE_STANDARD = gnu99;
				GCC_DYNAMIC_NO_PIC = NO;
				GCC_OPTIMIZATION_LEVEL = 0;
				GCC_PREPROCESSOR_DEFINITIONS = (
					"DEBUG=1",
					HAVE_C99_SNPRINTF,
					"$(inherited)",
				);
				GCC_SYMBOLS_PRIVATE_EXTERN = NO;
				GCC_WARN_64_TO_32_BIT_CONVERSION = YES;
				GCC_WARN_ABOUT_RETURN_TYPE = YES_ERROR;
				GCC_WARN_UNDECLARED_SELECTOR = YES;
				GCC_WARN_UNINITIALIZED_AUTOS = YES_AGGRESSIVE;
				GCC_WARN_UNUSED_FUNCTION = YES;
				GCC_WARN_UNUSED_VARIABLE = YES;
				IPHONEOS_DEPLOYMENT_TARGET = 8.1;
				MTL_ENABLE_DEBUG_INFO = YES;
				ONLY_ACTIVE_ARCH = YES;
				SDKROOT = iphoneos;
				SWIFT_OPTIMIZATION_LEVEL = "-Onone";
				TARGETED_DEVICE_FAMILY = "1,2";
				VERSIONING_SYSTEM = "apple-generic";
				VERSION_INFO_PREFIX = "";
			};
			name = Debug;
		};
		729F53EF1A68641400CC7448 /* Release */ = {
			isa = XCBuildConfiguration;
			buildSettings = {
				ALWAYS_SEARCH_USER_PATHS = NO;
				CLANG_CXX_LANGUAGE_STANDARD = "gnu++0x";
				CLANG_CXX_LIBRARY = "libc++";
				CLANG_ENABLE_MODULES = YES;
				CLANG_ENABLE_OBJC_ARC = YES;
				CLANG_WARN_BOOL_CONVERSION = YES;
				CLANG_WARN_CONSTANT_CONVERSION = YES;
				CLANG_WARN_DIRECT_OBJC_ISA_USAGE = YES_ERROR;
				CLANG_WARN_EMPTY_BODY = YES;
				CLANG_WARN_ENUM_CONVERSION = YES;
				CLANG_WARN_INT_CONVERSION = YES;
				CLANG_WARN_OBJC_ROOT_CLASS = YES_ERROR;
				CLANG_WARN_UNREACHABLE_CODE = YES;
				CLANG_WARN__DUPLICATE_METHOD_MATCH = YES;
				"CODE_SIGN_IDENTITY[sdk=iphoneos*]" = "iPhone Developer";
				COPY_PHASE_STRIP = YES;
				CURRENT_PROJECT_VERSION = 1;
				ENABLE_NS_ASSERTIONS = NO;
				ENABLE_STRICT_OBJC_MSGSEND = YES;
				GCC_C_LANGUAGE_STANDARD = gnu99;
				GCC_PREPROCESSOR_DEFINITIONS = HAVE_C99_SNPRINTF;
				GCC_WARN_64_TO_32_BIT_CONVERSION = YES;
				GCC_WARN_ABOUT_RETURN_TYPE = YES_ERROR;
				GCC_WARN_UNDECLARED_SELECTOR = YES;
				GCC_WARN_UNINITIALIZED_AUTOS = YES_AGGRESSIVE;
				GCC_WARN_UNUSED_FUNCTION = YES;
				GCC_WARN_UNUSED_VARIABLE = YES;
				IPHONEOS_DEPLOYMENT_TARGET = 8.1;
				MTL_ENABLE_DEBUG_INFO = NO;
				SDKROOT = iphoneos;
				TARGETED_DEVICE_FAMILY = "1,2";
				VALIDATE_PRODUCT = YES;
				VERSIONING_SYSTEM = "apple-generic";
				VERSION_INFO_PREFIX = "";
			};
			name = Release;
		};
		729F53F11A68641400CC7448 /* Debug */ = {
			isa = XCBuildConfiguration;
			baseConfigurationReference = 504CEAD80AA635F3D4F1059E /* Pods-CocoaMarkdown-iOS.debug.xcconfig */;
			buildSettings = {
				DEFINES_MODULE = YES;
				DYLIB_COMPATIBILITY_VERSION = 1;
				DYLIB_CURRENT_VERSION = 1;
				DYLIB_INSTALL_NAME_BASE = "@rpath";
				GCC_WARN_64_TO_32_BIT_CONVERSION = NO;
				HEADER_SEARCH_PATHS = (
					"$(inherited)",
					/Applications/Xcode.app/Contents/Developer/Toolchains/XcodeDefault.xctoolchain/usr/include,
					"$(SDKROOT)/usr/include/libxml2",
					"$(SRCROOT)/CocoaMarkdown/Configuration",
				);
				INFOPLIST_FILE = CocoaMarkdown/Info.plist;
				INSTALL_PATH = "$(LOCAL_LIBRARY_DIR)/Frameworks";
				LD_RUNPATH_SEARCH_PATHS = "$(inherited) @executable_path/Frameworks @loader_path/Frameworks";
				PRODUCT_BUNDLE_IDENTIFIER = "com.indragie.$(PRODUCT_NAME:rfc1034identifier)";
				PRODUCT_NAME = CocoaMarkdown;
				SKIP_INSTALL = YES;
				USER_HEADER_SEARCH_PATHS = "$(SRCROOT)/External/cmark/src";
			};
			name = Debug;
		};
		729F53F21A68641400CC7448 /* Release */ = {
			isa = XCBuildConfiguration;
			baseConfigurationReference = 33C6F07527E8F01C5B9FE4A1 /* Pods-CocoaMarkdown-iOS.release.xcconfig */;
			buildSettings = {
				DEFINES_MODULE = YES;
				DYLIB_COMPATIBILITY_VERSION = 1;
				DYLIB_CURRENT_VERSION = 1;
				DYLIB_INSTALL_NAME_BASE = "@rpath";
				GCC_WARN_64_TO_32_BIT_CONVERSION = NO;
				HEADER_SEARCH_PATHS = (
					"$(inherited)",
					/Applications/Xcode.app/Contents/Developer/Toolchains/XcodeDefault.xctoolchain/usr/include,
					"$(SDKROOT)/usr/include/libxml2",
					"$(SRCROOT)/CocoaMarkdown/Configuration",
				);
				INFOPLIST_FILE = CocoaMarkdown/Info.plist;
				INSTALL_PATH = "$(LOCAL_LIBRARY_DIR)/Frameworks";
				LD_RUNPATH_SEARCH_PATHS = "$(inherited) @executable_path/Frameworks @loader_path/Frameworks";
				PRODUCT_BUNDLE_IDENTIFIER = "com.indragie.$(PRODUCT_NAME:rfc1034identifier)";
				PRODUCT_NAME = CocoaMarkdown;
				SKIP_INSTALL = YES;
				USER_HEADER_SEARCH_PATHS = "$(SRCROOT)/External/cmark/src";
			};
			name = Release;
		};
		729F53F41A68641400CC7448 /* Debug */ = {
			isa = XCBuildConfiguration;
			baseConfigurationReference = E604E4B8A6692CCACB89B0D6 /* Pods-CocoaMarkdownTests-iOS.debug.xcconfig */;
			buildSettings = {
				CLANG_ENABLE_MODULES = YES;
				FRAMEWORK_SEARCH_PATHS = (
					"$(SDKROOT)/Developer/Library/Frameworks",
					"$(inherited)",
				);
				GCC_PREPROCESSOR_DEFINITIONS = (
					"DEBUG=1",
					"$(inherited)",
				);
				HEADER_SEARCH_PATHS = (
					"$(inherited)",
					/Applications/Xcode.app/Contents/Developer/Toolchains/XcodeDefault.xctoolchain/usr/include,
					"$(SRCROOT)/CocoaMarkdown/Configuration",
				);
				INFOPLIST_FILE = CocoaMarkdownTests/Info.plist;
				LD_RUNPATH_SEARCH_PATHS = "$(inherited) @executable_path/Frameworks @loader_path/Frameworks";
				PRODUCT_BUNDLE_IDENTIFIER = "com.indragie.$(PRODUCT_NAME:rfc1034identifier)";
				PRODUCT_NAME = "$(TARGET_NAME)";
				SWIFT_OBJC_BRIDGING_HEADER = "CocoaMarkdownTests/CocoaMarkdownTests-Bridging-Header.h";
				SWIFT_OPTIMIZATION_LEVEL = "-Onone";
				USER_HEADER_SEARCH_PATHS = "$(SRCROOT)/External/cmark/src";
			};
			name = Debug;
		};
		729F53F51A68641400CC7448 /* Release */ = {
			isa = XCBuildConfiguration;
			baseConfigurationReference = 702EDE2C02B4748CA50FE2DA /* Pods-CocoaMarkdownTests-iOS.release.xcconfig */;
			buildSettings = {
				CLANG_ENABLE_MODULES = YES;
				FRAMEWORK_SEARCH_PATHS = (
					"$(SDKROOT)/Developer/Library/Frameworks",
					"$(inherited)",
				);
				HEADER_SEARCH_PATHS = (
					"$(inherited)",
					/Applications/Xcode.app/Contents/Developer/Toolchains/XcodeDefault.xctoolchain/usr/include,
					"$(SRCROOT)/CocoaMarkdown/Configuration",
				);
				INFOPLIST_FILE = CocoaMarkdownTests/Info.plist;
				LD_RUNPATH_SEARCH_PATHS = "$(inherited) @executable_path/Frameworks @loader_path/Frameworks";
				PRODUCT_BUNDLE_IDENTIFIER = "com.indragie.$(PRODUCT_NAME:rfc1034identifier)";
				PRODUCT_NAME = "$(TARGET_NAME)";
				SWIFT_OBJC_BRIDGING_HEADER = "CocoaMarkdownTests/CocoaMarkdownTests-Bridging-Header.h";
				USER_HEADER_SEARCH_PATHS = "$(SRCROOT)/External/cmark/src";
			};
			name = Release;
		};
		729F540F1A68649200CC7448 /* Debug */ = {
			isa = XCBuildConfiguration;
			baseConfigurationReference = A8BD9F439C2253769359D9FB /* Pods-CocoaMarkdown-Mac.debug.xcconfig */;
			buildSettings = {
				COMBINE_HIDPI_IMAGES = YES;
				DEFINES_MODULE = YES;
				DYLIB_COMPATIBILITY_VERSION = 1;
				DYLIB_CURRENT_VERSION = 1;
				DYLIB_INSTALL_NAME_BASE = "@rpath";
				FRAMEWORK_VERSION = A;
				GCC_PREPROCESSOR_DEFINITIONS = (
					"DEBUG=1",
					"$(inherited)",
				);
				GCC_WARN_64_TO_32_BIT_CONVERSION = NO;
				HEADER_SEARCH_PATHS = (
					"$(inherited)",
					/Applications/Xcode.app/Contents/Developer/Toolchains/XcodeDefault.xctoolchain/usr/include,
					"$(SDKROOT)/usr/include/libxml2",
					"$(SRCROOT)/CocoaMarkdown/Configuration",
				);
				INFOPLIST_FILE = CocoaMarkdown/Info.plist;
				INSTALL_PATH = "$(LOCAL_LIBRARY_DIR)/Frameworks";
				LD_RUNPATH_SEARCH_PATHS = "$(inherited) @executable_path/../Frameworks @loader_path/Frameworks";
				MACOSX_DEPLOYMENT_TARGET = 10.10;
				PRODUCT_BUNDLE_IDENTIFIER = "com.indragie.$(PRODUCT_NAME:rfc1034identifier)";
				PRODUCT_NAME = CocoaMarkdown;
				SDKROOT = macosx;
				SKIP_INSTALL = YES;
				USER_HEADER_SEARCH_PATHS = "$(SRCROOT)/External/cmark/src";
			};
			name = Debug;
		};
		729F54101A68649200CC7448 /* Release */ = {
			isa = XCBuildConfiguration;
			baseConfigurationReference = 12AAB7BBEAE89A3E7B0A8C88 /* Pods-CocoaMarkdown-Mac.release.xcconfig */;
			buildSettings = {
				COMBINE_HIDPI_IMAGES = YES;
				DEBUG_INFORMATION_FORMAT = "dwarf-with-dsym";
				DEFINES_MODULE = YES;
				DYLIB_COMPATIBILITY_VERSION = 1;
				DYLIB_CURRENT_VERSION = 1;
				DYLIB_INSTALL_NAME_BASE = "@rpath";
				FRAMEWORK_VERSION = A;
				GCC_WARN_64_TO_32_BIT_CONVERSION = NO;
				HEADER_SEARCH_PATHS = (
					"$(inherited)",
					/Applications/Xcode.app/Contents/Developer/Toolchains/XcodeDefault.xctoolchain/usr/include,
					"$(SDKROOT)/usr/include/libxml2",
					"$(SRCROOT)/CocoaMarkdown/Configuration",
				);
				INFOPLIST_FILE = CocoaMarkdown/Info.plist;
				INSTALL_PATH = "$(LOCAL_LIBRARY_DIR)/Frameworks";
				LD_RUNPATH_SEARCH_PATHS = "$(inherited) @executable_path/../Frameworks @loader_path/Frameworks";
				MACOSX_DEPLOYMENT_TARGET = 10.10;
				PRODUCT_BUNDLE_IDENTIFIER = "com.indragie.$(PRODUCT_NAME:rfc1034identifier)";
				PRODUCT_NAME = CocoaMarkdown;
				SDKROOT = macosx;
				SKIP_INSTALL = YES;
				USER_HEADER_SEARCH_PATHS = "$(SRCROOT)/External/cmark/src";
			};
			name = Release;
		};
		729F54121A68649200CC7448 /* Debug */ = {
			isa = XCBuildConfiguration;
			baseConfigurationReference = 4035C248A9AE9CFE073E16DF /* Pods-CocoaMarkdownTests-Mac.debug.xcconfig */;
			buildSettings = {
				CLANG_ENABLE_MODULES = YES;
				COMBINE_HIDPI_IMAGES = YES;
				FRAMEWORK_SEARCH_PATHS = (
					"$(DEVELOPER_FRAMEWORKS_DIR)",
					"$(inherited)",
				);
				GCC_PREPROCESSOR_DEFINITIONS = (
					"DEBUG=1",
					"$(inherited)",
				);
				HEADER_SEARCH_PATHS = (
					"$(inherited)",
					/Applications/Xcode.app/Contents/Developer/Toolchains/XcodeDefault.xctoolchain/usr/include,
					"$(SRCROOT)/CocoaMarkdown/Configuration",
				);
				INFOPLIST_FILE = CocoaMarkdownTests/Info.plist;
				LD_RUNPATH_SEARCH_PATHS = "$(inherited) @executable_path/../Frameworks @loader_path/../Frameworks";
				MACOSX_DEPLOYMENT_TARGET = 10.10;
				PRODUCT_BUNDLE_IDENTIFIER = "com.indragie.$(PRODUCT_NAME:rfc1034identifier)";
				PRODUCT_NAME = "$(TARGET_NAME)";
				SDKROOT = macosx;
				SWIFT_OBJC_BRIDGING_HEADER = "CocoaMarkdownTests/CocoaMarkdownTests-Bridging-Header.h";
				SWIFT_OPTIMIZATION_LEVEL = "-Onone";
				USER_HEADER_SEARCH_PATHS = "$(SRCROOT)/External/cmark/src";
			};
			name = Debug;
		};
		729F54131A68649200CC7448 /* Release */ = {
			isa = XCBuildConfiguration;
			baseConfigurationReference = 0B849808A5B2FAF25F3D1749 /* Pods-CocoaMarkdownTests-Mac.release.xcconfig */;
			buildSettings = {
				CLANG_ENABLE_MODULES = YES;
				COMBINE_HIDPI_IMAGES = YES;
				DEBUG_INFORMATION_FORMAT = "dwarf-with-dsym";
				FRAMEWORK_SEARCH_PATHS = (
					"$(DEVELOPER_FRAMEWORKS_DIR)",
					"$(inherited)",
				);
				HEADER_SEARCH_PATHS = (
					"$(inherited)",
					/Applications/Xcode.app/Contents/Developer/Toolchains/XcodeDefault.xctoolchain/usr/include,
					"$(SRCROOT)/CocoaMarkdown/Configuration",
				);
				INFOPLIST_FILE = CocoaMarkdownTests/Info.plist;
				LD_RUNPATH_SEARCH_PATHS = "$(inherited) @executable_path/../Frameworks @loader_path/../Frameworks";
				MACOSX_DEPLOYMENT_TARGET = 10.10;
				PRODUCT_BUNDLE_IDENTIFIER = "com.indragie.$(PRODUCT_NAME:rfc1034identifier)";
				PRODUCT_NAME = "$(TARGET_NAME)";
				SDKROOT = macosx;
				SWIFT_OBJC_BRIDGING_HEADER = "CocoaMarkdownTests/CocoaMarkdownTests-Bridging-Header.h";
				USER_HEADER_SEARCH_PATHS = "$(SRCROOT)/External/cmark/src";
			};
			name = Release;
		};
		72FE7EE61A68692400F23F46 /* Debug */ = {
			isa = XCBuildConfiguration;
			buildSettings = {
				ASSETCATALOG_COMPILER_APPICON_NAME = AppIcon;
				GCC_PREPROCESSOR_DEFINITIONS = (
					"DEBUG=1",
					"$(inherited)",
				);
				INFOPLIST_FILE = "Example-iOS/Info.plist";
				LD_RUNPATH_SEARCH_PATHS = "$(inherited) @executable_path/Frameworks";
				PRODUCT_BUNDLE_IDENTIFIER = "com.indragie.$(PRODUCT_NAME:rfc1034identifier)";
				PRODUCT_NAME = "$(TARGET_NAME)";
			};
			name = Debug;
		};
		72FE7EE71A68692400F23F46 /* Release */ = {
			isa = XCBuildConfiguration;
			buildSettings = {
				ASSETCATALOG_COMPILER_APPICON_NAME = AppIcon;
				INFOPLIST_FILE = "Example-iOS/Info.plist";
				LD_RUNPATH_SEARCH_PATHS = "$(inherited) @executable_path/Frameworks";
				PRODUCT_BUNDLE_IDENTIFIER = "com.indragie.$(PRODUCT_NAME:rfc1034identifier)";
				PRODUCT_NAME = "$(TARGET_NAME)";
			};
			name = Release;
		};
		72FE7F0C1A68695100F23F46 /* Debug */ = {
			isa = XCBuildConfiguration;
			buildSettings = {
				ASSETCATALOG_COMPILER_APPICON_NAME = AppIcon;
				CODE_SIGN_IDENTITY = "-";
				COMBINE_HIDPI_IMAGES = YES;
				GCC_PREPROCESSOR_DEFINITIONS = (
					"DEBUG=1",
					"$(inherited)",
				);
				INFOPLIST_FILE = "Example-Mac/Info.plist";
				LD_RUNPATH_SEARCH_PATHS = "$(inherited) @executable_path/../Frameworks";
				MACOSX_DEPLOYMENT_TARGET = 10.10;
				PRODUCT_BUNDLE_IDENTIFIER = "com.indragie.$(PRODUCT_NAME:rfc1034identifier)";
				PRODUCT_NAME = "$(TARGET_NAME)";
				SDKROOT = macosx;
				SWIFT_OBJC_BRIDGING_HEADER = "";
			};
			name = Debug;
		};
		72FE7F0D1A68695100F23F46 /* Release */ = {
			isa = XCBuildConfiguration;
			buildSettings = {
				ASSETCATALOG_COMPILER_APPICON_NAME = AppIcon;
				CODE_SIGN_IDENTITY = "-";
				COMBINE_HIDPI_IMAGES = YES;
				DEBUG_INFORMATION_FORMAT = "dwarf-with-dsym";
				INFOPLIST_FILE = "Example-Mac/Info.plist";
				LD_RUNPATH_SEARCH_PATHS = "$(inherited) @executable_path/../Frameworks";
				MACOSX_DEPLOYMENT_TARGET = 10.10;
				PRODUCT_BUNDLE_IDENTIFIER = "com.indragie.$(PRODUCT_NAME:rfc1034identifier)";
				PRODUCT_NAME = "$(TARGET_NAME)";
				SDKROOT = macosx;
				SWIFT_OBJC_BRIDGING_HEADER = "";
			};
			name = Release;
		};
/* End XCBuildConfiguration section */

/* Begin XCConfigurationList section */
		729F53D41A68641300CC7448 /* Build configuration list for PBXProject "CocoaMarkdown" */ = {
			isa = XCConfigurationList;
			buildConfigurations = (
				729F53EE1A68641400CC7448 /* Debug */,
				729F53EF1A68641400CC7448 /* Release */,
			);
			defaultConfigurationIsVisible = 0;
			defaultConfigurationName = Release;
		};
		729F53F01A68641400CC7448 /* Build configuration list for PBXNativeTarget "CocoaMarkdown-iOS" */ = {
			isa = XCConfigurationList;
			buildConfigurations = (
				729F53F11A68641400CC7448 /* Debug */,
				729F53F21A68641400CC7448 /* Release */,
			);
			defaultConfigurationIsVisible = 0;
			defaultConfigurationName = Release;
		};
		729F53F31A68641400CC7448 /* Build configuration list for PBXNativeTarget "CocoaMarkdownTests-iOS" */ = {
			isa = XCConfigurationList;
			buildConfigurations = (
				729F53F41A68641400CC7448 /* Debug */,
				729F53F51A68641400CC7448 /* Release */,
			);
			defaultConfigurationIsVisible = 0;
			defaultConfigurationName = Release;
		};
		729F540E1A68649200CC7448 /* Build configuration list for PBXNativeTarget "CocoaMarkdown-Mac" */ = {
			isa = XCConfigurationList;
			buildConfigurations = (
				729F540F1A68649200CC7448 /* Debug */,
				729F54101A68649200CC7448 /* Release */,
			);
			defaultConfigurationIsVisible = 0;
			defaultConfigurationName = Release;
		};
		729F54111A68649200CC7448 /* Build configuration list for PBXNativeTarget "CocoaMarkdownTests-Mac" */ = {
			isa = XCConfigurationList;
			buildConfigurations = (
				729F54121A68649200CC7448 /* Debug */,
				729F54131A68649200CC7448 /* Release */,
			);
			defaultConfigurationIsVisible = 0;
			defaultConfigurationName = Release;
		};
		72FE7EE51A68692400F23F46 /* Build configuration list for PBXNativeTarget "Example-iOS" */ = {
			isa = XCConfigurationList;
			buildConfigurations = (
				72FE7EE61A68692400F23F46 /* Debug */,
				72FE7EE71A68692400F23F46 /* Release */,
			);
			defaultConfigurationIsVisible = 0;
			defaultConfigurationName = Release;
		};
		72FE7F0B1A68695100F23F46 /* Build configuration list for PBXNativeTarget "Example-Mac" */ = {
			isa = XCConfigurationList;
			buildConfigurations = (
				72FE7F0C1A68695100F23F46 /* Debug */,
				72FE7F0D1A68695100F23F46 /* Release */,
			);
			defaultConfigurationIsVisible = 0;
			defaultConfigurationName = Release;
		};
/* End XCConfigurationList section */
	};
	rootObject = 729F53D11A68641300CC7448 /* Project object */;
}
